// !$*UTF8*$!
{
	archiveVersion = 1;
	classes = {
	};
	objectVersion = 48;
	objects = {

/* Begin PBXBuildFile section */
		9C61B9392055148600336FD3 /* libsqlite3.tbd in Frameworks */ = {isa = PBXBuildFile; fileRef = 9C61B9382055148600336FD3 /* libsqlite3.tbd */; };
		9CBBE1772052CF240085DDA3 /* AppDelegate.swift in Sources */ = {isa = PBXBuildFile; fileRef = 9CBBE1762052CF240085DDA3 /* AppDelegate.swift */; };
		9CBBE17C2052CF240085DDA3 /* Main.storyboard in Resources */ = {isa = PBXBuildFile; fileRef = 9CBBE17A2052CF240085DDA3 /* Main.storyboard */; };
		9CBBE17F2052CF240085DDA3 /* My.xcdatamodeld in Sources */ = {isa = PBXBuildFile; fileRef = 9CBBE17D2052CF240085DDA3 /* My.xcdatamodeld */; };
		9CBBE1812052CF240085DDA3 /* Assets.xcassets in Resources */ = {isa = PBXBuildFile; fileRef = 9CBBE1802052CF240085DDA3 /* Assets.xcassets */; };
		9CBBE1842052CF240085DDA3 /* LaunchScreen.storyboard in Resources */ = {isa = PBXBuildFile; fileRef = 9CBBE1822052CF240085DDA3 /* LaunchScreen.storyboard */; };
		9CFC30962072320400ED5D4C /* MainController.swift in Sources */ = {isa = PBXBuildFile; fileRef = 9CFC30952072320400ED5D4C /* MainController.swift */; };
/* End PBXBuildFile section */

/* Begin PBXFileReference section */
		9C61B9382055148600336FD3 /* libsqlite3.tbd */ = {isa = PBXFileReference; lastKnownFileType = "sourcecode.text-based-dylib-definition"; name = libsqlite3.tbd; path = usr/lib/libsqlite3.tbd; sourceTree = SDKROOT; };
		9CBBE1732052CF240085DDA3 /* My.app */ = {isa = PBXFileReference; explicitFileType = wrapper.application; includeInIndex = 0; path = My.app; sourceTree = BUILT_PRODUCTS_DIR; };
		9CBBE1762052CF240085DDA3 /* AppDelegate.swift */ = {isa = PBXFileReference; lastKnownFileType = sourcecode.swift; path = AppDelegate.swift; sourceTree = "<group>"; };
		9CBBE17B2052CF240085DDA3 /* Base */ = {isa = PBXFileReference; lastKnownFileType = file.storyboard; name = Base; path = Base.lproj/Main.storyboard; sourceTree = "<group>"; };
		9CBBE17E2052CF240085DDA3 /* My.xcdatamodel */ = {isa = PBXFileReference; lastKnownFileType = wrapper.xcdatamodel; path = My.xcdatamodel; sourceTree = "<group>"; };
		9CBBE1802052CF240085DDA3 /* Assets.xcassets */ = {isa = PBXFileReference; lastKnownFileType = folder.assetcatalog; path = Assets.xcassets; sourceTree = "<group>"; };
		9CBBE1832052CF240085DDA3 /* Base */ = {isa = PBXFileReference; lastKnownFileType = file.storyboard; name = Base; path = Base.lproj/LaunchScreen.storyboard; sourceTree = "<group>"; };
		9CBBE1852052CF240085DDA3 /* Info.plist */ = {isa = PBXFileReference; lastKnownFileType = text.plist.xml; path = Info.plist; sourceTree = "<group>"; };
		9CFC30952072320400ED5D4C /* MainController.swift */ = {isa = PBXFileReference; lastKnownFileType = sourcecode.swift; path = MainController.swift; sourceTree = "<group>"; };
/* End PBXFileReference section */

/* Begin PBXFrameworksBuildPhase section */
		9CBBE1702052CF240085DDA3 /* Frameworks */ = {
			isa = PBXFrameworksBuildPhase;
			buildActionMask = 2147483647;
			files = (
				9C61B9392055148600336FD3 /* libsqlite3.tbd in Frameworks */,
			);
			runOnlyForDeploymentPostprocessing = 0;
		};
/* End PBXFrameworksBuildPhase section */

/* Begin PBXGroup section */
		9C61B9372055148600336FD3 /* Frameworks */ = {
			isa = PBXGroup;
			children = (
				9C61B9382055148600336FD3 /* libsqlite3.tbd */,
			);
			name = Frameworks;
			sourceTree = "<group>";
		};
		9CBBE16A2052CF240085DDA3 = {
			isa = PBXGroup;
			children = (
				9CBBE1752052CF240085DDA3 /* My */,
				9CBBE1742052CF240085DDA3 /* Products */,
				9C61B9372055148600336FD3 /* Frameworks */,
			);
			sourceTree = "<group>";
		};
		9CBBE1742052CF240085DDA3 /* Products */ = {
			isa = PBXGroup;
			children = (
				9CBBE1732052CF240085DDA3 /* My.app */,
			);
			name = Products;
			sourceTree = "<group>";
		};
		9CBBE1752052CF240085DDA3 /* My */ = {
			isa = PBXGroup;
			children = (
				9CBBE18B2052CF430085DDA3 /* Resources */,
			);
			path = My;
			sourceTree = "<group>";
		};
		9CBBE18B2052CF430085DDA3 /* Resources */ = {
			isa = PBXGroup;
			children = (
				9CBBE1762052CF240085DDA3 /* AppDelegate.swift */,
				9CBBE17A2052CF240085DDA3 /* Main.storyboard */,
				9CFC30952072320400ED5D4C /* MainController.swift */,
				9CBBE1802052CF240085DDA3 /* Assets.xcassets */,
				9CBBE1822052CF240085DDA3 /* LaunchScreen.storyboard */,
				9CBBE1852052CF240085DDA3 /* Info.plist */,
				9CBBE17D2052CF240085DDA3 /* My.xcdatamodeld */,
			);
			path = Resources;
			sourceTree = "<group>";
		};
/* End PBXGroup section */

/* Begin PBXNativeTarget section */
		9CBBE1722052CF240085DDA3 /* My */ = {
			isa = PBXNativeTarget;
			buildConfigurationList = 9CBBE1882052CF240085DDA3 /* Build configuration list for PBXNativeTarget "My" */;
			buildPhases = (
				9CBBE16F2052CF240085DDA3 /* Sources */,
				9CBBE1702052CF240085DDA3 /* Frameworks */,
				9CBBE1712052CF240085DDA3 /* Resources */,
			);
			buildRules = (
			);
			dependencies = (
			);
			name = My;
			productName = My;
			productReference = 9CBBE1732052CF240085DDA3 /* My.app */;
			productType = "com.apple.product-type.application";
		};
/* End PBXNativeTarget section */

/* Begin PBXProject section */
		9CBBE16B2052CF240085DDA3 /* Project object */ = {
			isa = PBXProject;
			attributes = {
				LastSwiftUpdateCheck = 0920;
				LastUpgradeCheck = 0920;
				ORGANIZATIONNAME = myron;
				TargetAttributes = {
					9CBBE1722052CF240085DDA3 = {
						CreatedOnToolsVersion = 9.2;
						LastSwiftMigration = 0920;
						ProvisioningStyle = Automatic;
					};
				};
			};
			buildConfigurationList = 9CBBE16E2052CF240085DDA3 /* Build configuration list for PBXProject "My" */;
			compatibilityVersion = "Xcode 8.0";
			developmentRegion = en;
			hasScannedForEncodings = 0;
			knownRegions = (
				en,
				Base,
			);
			mainGroup = 9CBBE16A2052CF240085DDA3;
			productRefGroup = 9CBBE1742052CF240085DDA3 /* Products */;
			projectDirPath = "";
			projectRoot = "";
			targets = (
				9CBBE1722052CF240085DDA3 /* My */,
			);
		};
/* End PBXProject section */

/* Begin PBXResourcesBuildPhase section */
		9CBBE1712052CF240085DDA3 /* Resources */ = {
			isa = PBXResourcesBuildPhase;
			buildActionMask = 2147483647;
			files = (
				9CBBE1842052CF240085DDA3 /* LaunchScreen.storyboard in Resources */,
				9CBBE1812052CF240085DDA3 /* Assets.xcassets in Resources */,
				9CBBE17C2052CF240085DDA3 /* Main.storyboard in Resources */,
			);
			runOnlyForDeploymentPostprocessing = 0;
		};
/* End PBXResourcesBuildPhase section */

/* Begin PBXSourcesBuildPhase section */
		9CBBE16F2052CF240085DDA3 /* Sources */ = {
			isa = PBXSourcesBuildPhase;
			buildActionMask = 2147483647;
			files = (
				9CBBE17F2052CF240085DDA3 /* My.xcdatamodeld in Sources */,
				9CFC30962072320400ED5D4C /* MainController.swift in Sources */,
				9CBBE1772052CF240085DDA3 /* AppDelegate.swift in Sources */,
			);
			runOnlyForDeploymentPostprocessing = 0;
		};
/* End PBXSourcesBuildPhase section */

/* Begin PBXVariantGroup section */
		9CBBE17A2052CF240085DDA3 /* Main.storyboard */ = {
			isa = PBXVariantGroup;
			children = (
				9CBBE17B2052CF240085DDA3 /* Base */,
			);
			name = Main.storyboard;
			sourceTree = "<group>";
		};
		9CBBE1822052CF240085DDA3 /* LaunchScreen.storyboard */ = {
			isa = PBXVariantGroup;
			children = (
				9CBBE1832052CF240085DDA3 /* Base */,
			);
			name = LaunchScreen.storyboard;
			sourceTree = "<group>";
		};
/* End PBXVariantGroup section */

/* Begin XCBuildConfiguration section */
		9CBBE1862052CF240085DDA3 /* Debug */ = {
			isa = XCBuildConfiguration;
			buildSettings = {
				ALWAYS_SEARCH_USER_PATHS = NO;
				CLANG_ANALYZER_NONNULL = YES;
				CLANG_ANALYZER_NUMBER_OBJECT_CONVERSION = YES_AGGRESSIVE;
				CLANG_CXX_LANGUAGE_STANDARD = "gnu++14";
				CLANG_CXX_LIBRARY = "libc++";
				CLANG_ENABLE_MODULES = YES;
				CLANG_ENABLE_OBJC_ARC = YES;
				CLANG_WARN_BLOCK_CAPTURE_AUTORELEASING = YES;
				CLANG_WARN_BOOL_CONVERSION = YES;
				CLANG_WARN_COMMA = YES;
				CLANG_WARN_CONSTANT_CONVERSION = YES;
				CLANG_WARN_DIRECT_OBJC_ISA_USAGE = YES_ERROR;
				CLANG_WARN_DOCUMENTATION_COMMENTS = YES;
				CLANG_WARN_EMPTY_BODY = YES;
				CLANG_WARN_ENUM_CONVERSION = YES;
				CLANG_WARN_INFINITE_RECURSION = YES;
				CLANG_WARN_INT_CONVERSION = YES;
				CLANG_WARN_NON_LITERAL_NULL_CONVERSION = YES;
				CLANG_WARN_OBJC_LITERAL_CONVERSION = YES;
				CLANG_WARN_OBJC_ROOT_CLASS = YES_ERROR;
				CLANG_WARN_RANGE_LOOP_ANALYSIS = YES;
				CLANG_WARN_STRICT_PROTOTYPES = YES;
				CLANG_WARN_SUSPICIOUS_MOVE = YES;
				CLANG_WARN_UNGUARDED_AVAILABILITY = YES_AGGRESSIVE;
				CLANG_WARN_UNREACHABLE_CODE = YES;
				CLANG_WARN__DUPLICATE_METHOD_MATCH = YES;
				CODE_SIGN_IDENTITY = "iPhone Developer";
				COPY_PHASE_STRIP = NO;
				DEBUG_INFORMATION_FORMAT = dwarf;
				ENABLE_STRICT_OBJC_MSGSEND = YES;
				ENABLE_TESTABILITY = YES;
				GCC_C_LANGUAGE_STANDARD = gnu11;
				GCC_DYNAMIC_NO_PIC = NO;
				GCC_NO_COMMON_BLOCKS = YES;
				GCC_OPTIMIZATION_LEVEL = 0;
				GCC_PREPROCESSOR_DEFINITIONS = (
					"DEBUG=1",
					"$(inherited)",
				);
				GCC_WARN_64_TO_32_BIT_CONVERSION = YES;
				GCC_WARN_ABOUT_RETURN_TYPE = YES_ERROR;
				GCC_WARN_UNDECLARED_SELECTOR = YES;
				GCC_WARN_UNINITIALIZED_AUTOS = YES_AGGRESSIVE;
				GCC_WARN_UNUSED_FUNCTION = YES;
				GCC_WARN_UNUSED_VARIABLE = YES;
				IPHONEOS_DEPLOYMENT_TARGET = 11.2;
				MTL_ENABLE_DEBUG_INFO = YES;
				ONLY_ACTIVE_ARCH = YES;
				SDKROOT = iphoneos;
				SWIFT_ACTIVE_COMPILATION_CONDITIONS = DEBUG;
				SWIFT_OPTIMIZATION_LEVEL = "-Onone";
			};
			name = Debug;
		};
		9CBBE1872052CF240085DDA3 /* Release */ = {
			isa = XCBuildConfiguration;
			buildSettings = {
				ALWAYS_SEARCH_USER_PATHS = NO;
				CLANG_ANALYZER_NONNULL = YES;
				CLANG_ANALYZER_NUMBER_OBJECT_CONVERSION = YES_AGGRESSIVE;
				CLANG_CXX_LANGUAGE_STANDARD = "gnu++14";
				CLANG_CXX_LIBRARY = "libc++";
				CLANG_ENABLE_MODULES = YES;
				CLANG_ENABLE_OBJC_ARC = YES;
				CLANG_WARN_BLOCK_CAPTURE_AUTORELEASING = YES;
				CLANG_WARN_BOOL_CONVERSION = YES;
				CLANG_WARN_COMMA = YES;
				CLANG_WARN_CONSTANT_CONVERSION = YES;
				CLANG_WARN_DIRECT_OBJC_ISA_USAGE = YES_ERROR;
				CLANG_WARN_DOCUMENTATION_COMMENTS = YES;
				CLANG_WARN_EMPTY_BODY = YES;
				CLANG_WARN_ENUM_CONVERSION = YES;
				CLANG_WARN_INFINITE_RECURSION = YES;
				CLANG_WARN_INT_CONVERSION = YES;
				CLANG_WARN_NON_LITERAL_NULL_CONVERSION = YES;
				CLANG_WARN_OBJC_LITERAL_CONVERSION = YES;
				CLANG_WARN_OBJC_ROOT_CLASS = YES_ERROR;
				CLANG_WARN_RANGE_LOOP_ANALYSIS = YES;
				CLANG_WARN_STRICT_PROTOTYPES = YES;
				CLANG_WARN_SUSPICIOUS_MOVE = YES;
				CLANG_WARN_UNGUARDED_AVAILABILITY = YES_AGGRESSIVE;
				CLANG_WARN_UNREACHABLE_CODE = YES;
				CLANG_WARN__DUPLICATE_METHOD_MATCH = YES;
				CODE_SIGN_IDENTITY = "iPhone Developer";
				COPY_PHASE_STRIP = NO;
				DEBUG_INFORMATION_FORMAT = "dwarf-with-dsym";
				ENABLE_NS_ASSERTIONS = NO;
				ENABLE_STRICT_OBJC_MSGSEND = YES;
				GCC_C_LANGUAGE_STANDARD = gnu11;
				GCC_NO_COMMON_BLOCKS = YES;
				GCC_WARN_64_TO_32_BIT_CONVERSION = YES;
				GCC_WARN_ABOUT_RETURN_TYPE = YES_ERROR;
				GCC_WARN_UNDECLARED_SELECTOR = YES;
				GCC_WARN_UNINITIALIZED_AUTOS = YES_AGGRESSIVE;
				GCC_WARN_UNUSED_FUNCTION = YES;
				GCC_WARN_UNUSED_VARIABLE = YES;
				IPHONEOS_DEPLOYMENT_TARGET = 11.2;
				MTL_ENABLE_DEBUG_INFO = NO;
				SDKROOT = iphoneos;
				SWIFT_OPTIMIZATION_LEVEL = "-Owholemodule";
				VALIDATE_PRODUCT = YES;
			};
			name = Release;
		};
		9CBBE1892052CF240085DDA3 /* Debug */ = {
			isa = XCBuildConfiguration;
			buildSettings = {
				ASSETCATALOG_COMPILER_APPICON_NAME = AppIcon;
				CLANG_ENABLE_MODULES = YES;
				CODE_SIGN_STYLE = Automatic;
				DEVELOPMENT_TEAM = 2KGH4RWYPW;
				INFOPLIST_FILE = "$(SRCROOT)/My/Resources/Info.plist";
				LD_RUNPATH_SEARCH_PATHS = "$(inherited) @executable_path/Frameworks";
				PRODUCT_BUNDLE_IDENTIFIER = myron.My;
				PRODUCT_NAME = "$(TARGET_NAME)";
				SWIFT_OBJC_BRIDGING_HEADER = "";
				SWIFT_OPTIMIZATION_LEVEL = "-Onone";
				SWIFT_VERSION = 4.0;
				TARGETED_DEVICE_FAMILY = "1,2";
			};
			name = Debug;
		};
		9CBBE18A2052CF240085DDA3 /* Release */ = {
			isa = XCBuildConfiguration;
			buildSettings = {
				ASSETCATALOG_COMPILER_APPICON_NAME = AppIcon;
				CLANG_ENABLE_MODULES = YES;
				CODE_SIGN_STYLE = Automatic;
				DEVELOPMENT_TEAM = 2KGH4RWYPW;
				INFOPLIST_FILE = "$(SRCROOT)/My/Resources/Info.plist";
				LD_RUNPATH_SEARCH_PATHS = "$(inherited) @executable_path/Frameworks";
				PRODUCT_BUNDLE_IDENTIFIER = myron.My;
				PRODUCT_NAME = "$(TARGET_NAME)";
				SWIFT_OBJC_BRIDGING_HEADER = "";
				SWIFT_VERSION = 4.0;
				TARGETED_DEVICE_FAMILY = "1,2";
			};
			name = Release;
		};
/* End XCBuildConfiguration section */

/* Begin XCConfigurationList section */
		9CBBE16E2052CF240085DDA3 /* Build configuration list for PBXProject "My" */ = {
			isa = XCConfigurationList;
			buildConfigurations = (
				9CBBE1862052CF240085DDA3 /* Debug */,
				9CBBE1872052CF240085DDA3 /* Release */,
			);
			defaultConfigurationIsVisible = 0;
			defaultConfigurationName = Release;
		};
		9CBBE1882052CF240085DDA3 /* Build configuration list for PBXNativeTarget "My" */ = {
			isa = XCConfigurationList;
			buildConfigurations = (
				9CBBE1892052CF240085DDA3 /* Debug */,
				9CBBE18A2052CF240085DDA3 /* Release */,
			);
			defaultConfigurationIsVisible = 0;
			defaultConfigurationName = Release;
		};
/* End XCConfigurationList section */

/* Begin XCVersionGroup section */
		9CBBE17D2052CF240085DDA3 /* My.xcdatamodeld */ = {
			isa = XCVersionGroup;
			children = (
				9CBBE17E2052CF240085DDA3 /* My.xcdatamodel */,
			);
			currentVersion = 9CBBE17E2052CF240085DDA3 /* My.xcdatamodel */;
			path = My.xcdatamodeld;
			sourceTree = "<group>";
			versionGroupType = wrapper.xcdatamodel;
		};
/* End XCVersionGroup section */
	};
	rootObject = 9CBBE16B2052CF240085DDA3 /* Project object */;
}
