// !$*UTF8*$!
{
	archiveVersion = 1;
	classes = {
	};
	objectVersion = 50;
	objects = {

/* Begin PBXBuildFile section */
		9CB3918D20ABBFC60076D600 /* AppDelegate.swift in Sources */ = {isa = PBXBuildFile; fileRef = 9CB3918C20ABBFC60076D600 /* AppDelegate.swift */; };
		9CB3919220ABBFC60076D600 /* Main.storyboard in Resources */ = {isa = PBXBuildFile; fileRef = 9CB3919020ABBFC60076D600 /* Main.storyboard */; };
		9CB3919420ABBFC80076D600 /* Assets.xcassets in Resources */ = {isa = PBXBuildFile; fileRef = 9CB3919320ABBFC80076D600 /* Assets.xcassets */; };
		9CB3919720ABBFC80076D600 /* LaunchScreen.storyboard in Resources */ = {isa = PBXBuildFile; fileRef = 9CB3919520ABBFC80076D600 /* LaunchScreen.storyboard */; };
		9CB391E420ABC0560076D600 /* Animation.swift in Sources */ = {isa = PBXBuildFile; fileRef = 9CB391A220ABC0560076D600 /* Animation.swift */; };
		9CB391E520ABC0560076D600 /* Button.swift in Sources */ = {isa = PBXBuildFile; fileRef = 9CB391A420ABC0560076D600 /* Button.swift */; };
		9CB391E620ABC0560076D600 /* ImageView.swift in Sources */ = {isa = PBXBuildFile; fileRef = 9CB391A520ABC0560076D600 /* ImageView.swift */; };
		9CB391E720ABC0560076D600 /* CardSeparator.swift in Sources */ = {isa = PBXBuildFile; fileRef = 9CB391A720ABC0560076D600 /* CardSeparator.swift */; };
		9CB391E820ABC0560076D600 /* CardTable.swift in Sources */ = {isa = PBXBuildFile; fileRef = 9CB391A820ABC0560076D600 /* CardTable.swift */; };
		9CB391E920ABC0560076D600 /* CardView.swift in Sources */ = {isa = PBXBuildFile; fileRef = 9CB391A920ABC0560076D600 /* CardView.swift */; };
		9CB391EA20ABC0560076D600 /* CardTextView.swift in Sources */ = {isa = PBXBuildFile; fileRef = 9CB391AB20ABC0560076D600 /* CardTextView.swift */; };
		9CB391EB20ABC0560076D600 /* CardTextView.xib in Resources */ = {isa = PBXBuildFile; fileRef = 9CB391AC20ABC0560076D600 /* CardTextView.xib */; };
		9CB391EC20ABC0560076D600 /* CardTopView.swift in Sources */ = {isa = PBXBuildFile; fileRef = 9CB391AD20ABC0560076D600 /* CardTopView.swift */; };
		9CB391ED20ABC0560076D600 /* CardTopView.xib in Resources */ = {isa = PBXBuildFile; fileRef = 9CB391AE20ABC0560076D600 /* CardTopView.xib */; };
		9CB391EE20ABC0560076D600 /* TableView.swift in Sources */ = {isa = PBXBuildFile; fileRef = 9CB391B020ABC0560076D600 /* TableView.swift */; };
		9CB391EF20ABC0560076D600 /* TableViewCell.swift in Sources */ = {isa = PBXBuildFile; fileRef = 9CB391B120ABC0560076D600 /* TableViewCell.swift */; };
		9CB391F020ABC0560076D600 /* TableViewController.swift in Sources */ = {isa = PBXBuildFile; fileRef = 9CB391B220ABC0560076D600 /* TableViewController.swift */; };
		9CB391F120ABC0560076D600 /* View.swift in Sources */ = {isa = PBXBuildFile; fileRef = 9CB391B320ABC0560076D600 /* View.swift */; };
		9CB391F220ABC0560076D600 /* ViewController.swift in Sources */ = {isa = PBXBuildFile; fileRef = 9CB391B420ABC0560076D600 /* ViewController.swift */; };
		9CB391F320ABC0560076D600 /* SQLite.swift in Sources */ = {isa = PBXBuildFile; fileRef = 9CB391B620ABC0560076D600 /* SQLite.swift */; };
		9CB391F420ABC0560076D600 /* SQLiteProtocol.swift in Sources */ = {isa = PBXBuildFile; fileRef = 9CB391B720ABC0560076D600 /* SQLiteProtocol.swift */; };
		9CB391F620ABC0560076D600 /* Ex_Array.swift in Sources */ = {isa = PBXBuildFile; fileRef = 9CB391BB20ABC0560076D600 /* Ex_Array.swift */; };
		9CB391F720ABC0560076D600 /* Ex_Calendar.swift in Sources */ = {isa = PBXBuildFile; fileRef = 9CB391BC20ABC0560076D600 /* Ex_Calendar.swift */; };
		9CB391F820ABC0560076D600 /* Ex_Date.swift in Sources */ = {isa = PBXBuildFile; fileRef = 9CB391BD20ABC0560076D600 /* Ex_Date.swift */; };
		9CB391F920ABC0560076D600 /* Ex_DateFormatter.swift in Sources */ = {isa = PBXBuildFile; fileRef = 9CB391BE20ABC0560076D600 /* Ex_DateFormatter.swift */; };
		9CB391FA20ABC0560076D600 /* Ex_IndexPath.swift in Sources */ = {isa = PBXBuildFile; fileRef = 9CB391BF20ABC0560076D600 /* Ex_IndexPath.swift */; };
		9CB391FB20ABC0560076D600 /* Ex_Int.swift in Sources */ = {isa = PBXBuildFile; fileRef = 9CB391C020ABC0560076D600 /* Ex_Int.swift */; };
		9CB391FC20ABC0560076D600 /* Ex_String.swift in Sources */ = {isa = PBXBuildFile; fileRef = 9CB391C120ABC0560076D600 /* Ex_String.swift */; };
		9CB391FD20ABC0560076D600 /* Ex_UIColor.swift in Sources */ = {isa = PBXBuildFile; fileRef = 9CB391C320ABC0560076D600 /* Ex_UIColor.swift */; };
		9CB391FE20ABC0560076D600 /* Ex_UIDevice.swift in Sources */ = {isa = PBXBuildFile; fileRef = 9CB391C420ABC0560076D600 /* Ex_UIDevice.swift */; };
		9CB391FF20ABC0560076D600 /* Ex_UILabel.swift in Sources */ = {isa = PBXBuildFile; fileRef = 9CB391C520ABC0560076D600 /* Ex_UILabel.swift */; };
		9CB3920020ABC0560076D600 /* Ex_UIScreen.swift in Sources */ = {isa = PBXBuildFile; fileRef = 9CB391C620ABC0560076D600 /* Ex_UIScreen.swift */; };
		9CB3920120ABC0560076D600 /* Ex_UIStoryboardSegue.swift in Sources */ = {isa = PBXBuildFile; fileRef = 9CB391C720ABC0560076D600 /* Ex_UIStoryboardSegue.swift */; };
		9CB3920220ABC0560076D600 /* Ex_UITextField.swift in Sources */ = {isa = PBXBuildFile; fileRef = 9CB391C820ABC0560076D600 /* Ex_UITextField.swift */; };
		9CB3920320ABC0560076D600 /* Ex_UITextView.swift in Sources */ = {isa = PBXBuildFile; fileRef = 9CB391C920ABC0560076D600 /* Ex_UITextView.swift */; };
		9CB3920420ABC0560076D600 /* CalendarCell.swift in Sources */ = {isa = PBXBuildFile; fileRef = 9CB391CC20ABC0560076D600 /* CalendarCell.swift */; };
		9CB3920520ABC0560076D600 /* CalendarCell.xib in Resources */ = {isa = PBXBuildFile; fileRef = 9CB391CD20ABC0560076D600 /* CalendarCell.xib */; };
		9CB3920620ABC0560076D600 /* CalendarView.swift in Sources */ = {isa = PBXBuildFile; fileRef = 9CB391CE20ABC0560076D600 /* CalendarView.swift */; };
		9CB3920720ABC0560076D600 /* CalendarView.xib in Resources */ = {isa = PBXBuildFile; fileRef = 9CB391CF20ABC0560076D600 /* CalendarView.xib */; };
		9CB3920820ABC0560076D600 /* InputTextView.swift in Sources */ = {isa = PBXBuildFile; fileRef = 9CB391D220ABC0560076D600 /* InputTextView.swift */; };
		9CB3920920ABC0560076D600 /* InputTextView.xib in Resources */ = {isa = PBXBuildFile; fileRef = 9CB391D320ABC0560076D600 /* InputTextView.xib */; };
		9CB3920A20ABC0560076D600 /* InputView.swift in Sources */ = {isa = PBXBuildFile; fileRef = 9CB391D420ABC0560076D600 /* InputView.swift */; };
		9CB3920B20ABC0560076D600 /* InputView.xib in Resources */ = {isa = PBXBuildFile; fileRef = 9CB391D520ABC0560076D600 /* InputView.xib */; };
		9CB3920C20ABC0560076D600 /* VarlenaInput.swift in Sources */ = {isa = PBXBuildFile; fileRef = 9CB391D620ABC0560076D600 /* VarlenaInput.swift */; };
		9CB3920D20ABC0560076D600 /* VarlenaInput.xib in Resources */ = {isa = PBXBuildFile; fileRef = 9CB391D720ABC0560076D600 /* VarlenaInput.xib */; };
		9CB3920E20ABC0560076D600 /* ProgressView.swift in Sources */ = {isa = PBXBuildFile; fileRef = 9CB391D920ABC0560076D600 /* ProgressView.swift */; };
		9CB3920F20ABC0560076D600 /* RoundProgress.swift in Sources */ = {isa = PBXBuildFile; fileRef = 9CB391DA20ABC0560076D600 /* RoundProgress.swift */; };
		9CB3921020ABC0560076D600 /* iDateSelector.swift in Sources */ = {isa = PBXBuildFile; fileRef = 9CB391DC20ABC0560076D600 /* iDateSelector.swift */; };
		9CB3921120ABC0560076D600 /* iSelector.swift in Sources */ = {isa = PBXBuildFile; fileRef = 9CB391DD20ABC0560076D600 /* iSelector.swift */; };
		9CB3921220ABC0560076D600 /* iSelector.xib in Resources */ = {isa = PBXBuildFile; fileRef = 9CB391DE20ABC0560076D600 /* iSelector.xib */; };
		9CB3921320ABC0560076D600 /* KeyValue.swift in Sources */ = {isa = PBXBuildFile; fileRef = 9CB391E020ABC0560076D600 /* KeyValue.swift */; };
		9CB3921420ABC0560076D600 /* NibLoable.swift in Sources */ = {isa = PBXBuildFile; fileRef = 9CB391E120ABC0560076D600 /* NibLoable.swift */; };
		9CB3921520ABC0560076D600 /* Notifiable.swift in Sources */ = {isa = PBXBuildFile; fileRef = 9CB391E220ABC0560076D600 /* Notifiable.swift */; };
		9CB3921620ABC0560076D600 /* Operator.swift in Sources */ = {isa = PBXBuildFile; fileRef = 9CB391E320ABC0560076D600 /* Operator.swift */; };
		9CB3921D20ABC5090076D600 /* HabitList.storyboard in Resources */ = {isa = PBXBuildFile; fileRef = 9CB3921C20ABC5090076D600 /* HabitList.storyboard */; };
		9CB3922120ABC5250076D600 /* HabitListController.swift in Sources */ = {isa = PBXBuildFile; fileRef = 9CB3922020ABC5250076D600 /* HabitListController.swift */; };
		9CB3922420ABC7A90076D600 /* Habit_SQlite.swift in Sources */ = {isa = PBXBuildFile; fileRef = 9CB3922320ABC7A90076D600 /* Habit_SQlite.swift */; };
		9CB3922720ABCD7C0076D600 /* Habit.swift in Sources */ = {isa = PBXBuildFile; fileRef = 9CB3922620ABCD7C0076D600 /* Habit.swift */; };
		9CB3922920ABCFF50076D600 /* Log_SQlite.swift in Sources */ = {isa = PBXBuildFile; fileRef = 9CB3922820ABCFF50076D600 /* Log_SQlite.swift */; };
		9CB3922B20ABD15C0076D600 /* Log.swift in Sources */ = {isa = PBXBuildFile; fileRef = 9CB3922A20ABD15C0076D600 /* Log.swift */; };
		9CB3922E20ABD4CA0076D600 /* HabitEdit.storyboard in Resources */ = {isa = PBXBuildFile; fileRef = 9CB3922D20ABD4CA0076D600 /* HabitEdit.storyboard */; };
		9CB3923020ABD5070076D600 /* HabitEditController.swift in Sources */ = {isa = PBXBuildFile; fileRef = 9CB3922F20ABD5070076D600 /* HabitEditController.swift */; };
		9CB3923320ABD6010076D600 /* HabitEditNameCard.swift in Sources */ = {isa = PBXBuildFile; fileRef = 9CB3923220ABD6010076D600 /* HabitEditNameCard.swift */; };
		9CB3923520ABDB6D0076D600 /* HabitEditTopCard.swift in Sources */ = {isa = PBXBuildFile; fileRef = 9CB3923420ABDB6D0076D600 /* HabitEditTopCard.swift */; };
		9CB3923F20AC12880076D600 /* KeyboardInput.swift in Sources */ = {isa = PBXBuildFile; fileRef = 9CB3923E20AC12350076D600 /* KeyboardInput.swift */; };
		9CB3924020AC12E90076D600 /* KeyboardInput.xib in Resources */ = {isa = PBXBuildFile; fileRef = 9CB3923D20AC12350076D600 /* KeyboardInput.xib */; };
		9CB3924220AC21D90076D600 /* HabitEditGoalCard.swift in Sources */ = {isa = PBXBuildFile; fileRef = 9CB3924120AC21D90076D600 /* HabitEditGoalCard.swift */; };
		9CB3924520AC24C90076D600 /* ColorController.swift in Sources */ = {isa = PBXBuildFile; fileRef = 9CB3924420AC24C90076D600 /* ColorController.swift */; };
		9CB3924720AC24D90076D600 /* Color.storyboard in Resources */ = {isa = PBXBuildFile; fileRef = 9CB3924620AC24D90076D600 /* Color.storyboard */; };
		9CB3924920AC27290076D600 /* ColorCell.swift in Sources */ = {isa = PBXBuildFile; fileRef = 9CB3924820AC27290076D600 /* ColorCell.swift */; };
		9CB3924B20AC33970076D600 /* HabitEditUICard.swift in Sources */ = {isa = PBXBuildFile; fileRef = 9CB3924A20AC33970076D600 /* HabitEditUICard.swift */; };
		9CB3924D20AC33A80076D600 /* HabitEditMessageCard.swift in Sources */ = {isa = PBXBuildFile; fileRef = 9CB3924C20AC33A80076D600 /* HabitEditMessageCard.swift */; };
		9CB3925020AC36FE0076D600 /* ImageController.swift in Sources */ = {isa = PBXBuildFile; fileRef = 9CB3924F20AC36FE0076D600 /* ImageController.swift */; };
		9CB3925220AC37150076D600 /* Image.storyboard in Resources */ = {isa = PBXBuildFile; fileRef = 9CB3925120AC37150076D600 /* Image.storyboard */; };
		9CB3925420AC378F0076D600 /* ImageCell.swift in Sources */ = {isa = PBXBuildFile; fileRef = 9CB3925320AC378F0076D600 /* ImageCell.swift */; };
		9CB3925620AC39110076D600 /* Ex_UIImage.swift in Sources */ = {isa = PBXBuildFile; fileRef = 9CB3925520AC39110076D600 /* Ex_UIImage.swift */; };
/* End PBXBuildFile section */

/* Begin PBXFileReference section */
		9CB3918920ABBFC60076D600 /* Days.app */ = {isa = PBXFileReference; explicitFileType = wrapper.application; includeInIndex = 0; path = Days.app; sourceTree = BUILT_PRODUCTS_DIR; };
		9CB3918C20ABBFC60076D600 /* AppDelegate.swift */ = {isa = PBXFileReference; lastKnownFileType = sourcecode.swift; path = AppDelegate.swift; sourceTree = "<group>"; };
		9CB3919120ABBFC60076D600 /* Base */ = {isa = PBXFileReference; lastKnownFileType = file.storyboard; name = Base; path = Base.lproj/Main.storyboard; sourceTree = "<group>"; };
		9CB3919320ABBFC80076D600 /* Assets.xcassets */ = {isa = PBXFileReference; lastKnownFileType = folder.assetcatalog; path = Assets.xcassets; sourceTree = "<group>"; };
		9CB3919620ABBFC80076D600 /* Base */ = {isa = PBXFileReference; lastKnownFileType = file.storyboard; name = Base; path = Base.lproj/LaunchScreen.storyboard; sourceTree = "<group>"; };
		9CB3919820ABBFC80076D600 /* Info.plist */ = {isa = PBXFileReference; lastKnownFileType = text.plist.xml; path = Info.plist; sourceTree = "<group>"; };
		9CB391A220ABC0560076D600 /* Animation.swift */ = {isa = PBXFileReference; fileEncoding = 4; lastKnownFileType = sourcecode.swift; path = Animation.swift; sourceTree = "<group>"; };
		9CB391A420ABC0560076D600 /* Button.swift */ = {isa = PBXFileReference; fileEncoding = 4; lastKnownFileType = sourcecode.swift; path = Button.swift; sourceTree = "<group>"; };
		9CB391A520ABC0560076D600 /* ImageView.swift */ = {isa = PBXFileReference; fileEncoding = 4; lastKnownFileType = sourcecode.swift; path = ImageView.swift; sourceTree = "<group>"; };
		9CB391A720ABC0560076D600 /* CardSeparator.swift */ = {isa = PBXFileReference; fileEncoding = 4; lastKnownFileType = sourcecode.swift; path = CardSeparator.swift; sourceTree = "<group>"; };
		9CB391A820ABC0560076D600 /* CardTable.swift */ = {isa = PBXFileReference; fileEncoding = 4; lastKnownFileType = sourcecode.swift; path = CardTable.swift; sourceTree = "<group>"; };
		9CB391A920ABC0560076D600 /* CardView.swift */ = {isa = PBXFileReference; fileEncoding = 4; lastKnownFileType = sourcecode.swift; path = CardView.swift; sourceTree = "<group>"; };
		9CB391AB20ABC0560076D600 /* CardTextView.swift */ = {isa = PBXFileReference; fileEncoding = 4; lastKnownFileType = sourcecode.swift; path = CardTextView.swift; sourceTree = "<group>"; };
		9CB391AC20ABC0560076D600 /* CardTextView.xib */ = {isa = PBXFileReference; fileEncoding = 4; lastKnownFileType = file.xib; path = CardTextView.xib; sourceTree = "<group>"; };
		9CB391AD20ABC0560076D600 /* CardTopView.swift */ = {isa = PBXFileReference; fileEncoding = 4; lastKnownFileType = sourcecode.swift; path = CardTopView.swift; sourceTree = "<group>"; };
		9CB391AE20ABC0560076D600 /* CardTopView.xib */ = {isa = PBXFileReference; fileEncoding = 4; lastKnownFileType = file.xib; path = CardTopView.xib; sourceTree = "<group>"; };
		9CB391B020ABC0560076D600 /* TableView.swift */ = {isa = PBXFileReference; fileEncoding = 4; lastKnownFileType = sourcecode.swift; path = TableView.swift; sourceTree = "<group>"; };
		9CB391B120ABC0560076D600 /* TableViewCell.swift */ = {isa = PBXFileReference; fileEncoding = 4; lastKnownFileType = sourcecode.swift; path = TableViewCell.swift; sourceTree = "<group>"; };
		9CB391B220ABC0560076D600 /* TableViewController.swift */ = {isa = PBXFileReference; fileEncoding = 4; lastKnownFileType = sourcecode.swift; path = TableViewController.swift; sourceTree = "<group>"; };
		9CB391B320ABC0560076D600 /* View.swift */ = {isa = PBXFileReference; fileEncoding = 4; lastKnownFileType = sourcecode.swift; path = View.swift; sourceTree = "<group>"; };
		9CB391B420ABC0560076D600 /* ViewController.swift */ = {isa = PBXFileReference; fileEncoding = 4; lastKnownFileType = sourcecode.swift; path = ViewController.swift; sourceTree = "<group>"; };
		9CB391B620ABC0560076D600 /* SQLite.swift */ = {isa = PBXFileReference; fileEncoding = 4; lastKnownFileType = sourcecode.swift; path = SQLite.swift; sourceTree = "<group>"; };
		9CB391B720ABC0560076D600 /* SQLiteProtocol.swift */ = {isa = PBXFileReference; fileEncoding = 4; lastKnownFileType = sourcecode.swift; path = SQLiteProtocol.swift; sourceTree = "<group>"; };
		9CB391BB20ABC0560076D600 /* Ex_Array.swift */ = {isa = PBXFileReference; fileEncoding = 4; lastKnownFileType = sourcecode.swift; path = Ex_Array.swift; sourceTree = "<group>"; };
		9CB391BC20ABC0560076D600 /* Ex_Calendar.swift */ = {isa = PBXFileReference; fileEncoding = 4; lastKnownFileType = sourcecode.swift; path = Ex_Calendar.swift; sourceTree = "<group>"; };
		9CB391BD20ABC0560076D600 /* Ex_Date.swift */ = {isa = PBXFileReference; fileEncoding = 4; lastKnownFileType = sourcecode.swift; path = Ex_Date.swift; sourceTree = "<group>"; };
		9CB391BE20ABC0560076D600 /* Ex_DateFormatter.swift */ = {isa = PBXFileReference; fileEncoding = 4; lastKnownFileType = sourcecode.swift; path = Ex_DateFormatter.swift; sourceTree = "<group>"; };
		9CB391BF20ABC0560076D600 /* Ex_IndexPath.swift */ = {isa = PBXFileReference; fileEncoding = 4; lastKnownFileType = sourcecode.swift; path = Ex_IndexPath.swift; sourceTree = "<group>"; };
		9CB391C020ABC0560076D600 /* Ex_Int.swift */ = {isa = PBXFileReference; fileEncoding = 4; lastKnownFileType = sourcecode.swift; path = Ex_Int.swift; sourceTree = "<group>"; };
		9CB391C120ABC0560076D600 /* Ex_String.swift */ = {isa = PBXFileReference; fileEncoding = 4; lastKnownFileType = sourcecode.swift; path = Ex_String.swift; sourceTree = "<group>"; };
		9CB391C320ABC0560076D600 /* Ex_UIColor.swift */ = {isa = PBXFileReference; fileEncoding = 4; lastKnownFileType = sourcecode.swift; path = Ex_UIColor.swift; sourceTree = "<group>"; };
		9CB391C420ABC0560076D600 /* Ex_UIDevice.swift */ = {isa = PBXFileReference; fileEncoding = 4; lastKnownFileType = sourcecode.swift; path = Ex_UIDevice.swift; sourceTree = "<group>"; };
		9CB391C520ABC0560076D600 /* Ex_UILabel.swift */ = {isa = PBXFileReference; fileEncoding = 4; lastKnownFileType = sourcecode.swift; path = Ex_UILabel.swift; sourceTree = "<group>"; };
		9CB391C620ABC0560076D600 /* Ex_UIScreen.swift */ = {isa = PBXFileReference; fileEncoding = 4; lastKnownFileType = sourcecode.swift; path = Ex_UIScreen.swift; sourceTree = "<group>"; };
		9CB391C720ABC0560076D600 /* Ex_UIStoryboardSegue.swift */ = {isa = PBXFileReference; fileEncoding = 4; lastKnownFileType = sourcecode.swift; path = Ex_UIStoryboardSegue.swift; sourceTree = "<group>"; };
		9CB391C820ABC0560076D600 /* Ex_UITextField.swift */ = {isa = PBXFileReference; fileEncoding = 4; lastKnownFileType = sourcecode.swift; path = Ex_UITextField.swift; sourceTree = "<group>"; };
		9CB391C920ABC0560076D600 /* Ex_UITextView.swift */ = {isa = PBXFileReference; fileEncoding = 4; lastKnownFileType = sourcecode.swift; path = Ex_UITextView.swift; sourceTree = "<group>"; };
		9CB391CC20ABC0560076D600 /* CalendarCell.swift */ = {isa = PBXFileReference; fileEncoding = 4; lastKnownFileType = sourcecode.swift; path = CalendarCell.swift; sourceTree = "<group>"; };
		9CB391CD20ABC0560076D600 /* CalendarCell.xib */ = {isa = PBXFileReference; fileEncoding = 4; lastKnownFileType = file.xib; path = CalendarCell.xib; sourceTree = "<group>"; };
		9CB391CE20ABC0560076D600 /* CalendarView.swift */ = {isa = PBXFileReference; fileEncoding = 4; lastKnownFileType = sourcecode.swift; path = CalendarView.swift; sourceTree = "<group>"; };
		9CB391CF20ABC0560076D600 /* CalendarView.xib */ = {isa = PBXFileReference; fileEncoding = 4; lastKnownFileType = file.xib; path = CalendarView.xib; sourceTree = "<group>"; };
		9CB391D220ABC0560076D600 /* InputTextView.swift */ = {isa = PBXFileReference; fileEncoding = 4; lastKnownFileType = sourcecode.swift; path = InputTextView.swift; sourceTree = "<group>"; };
		9CB391D320ABC0560076D600 /* InputTextView.xib */ = {isa = PBXFileReference; fileEncoding = 4; lastKnownFileType = file.xib; path = InputTextView.xib; sourceTree = "<group>"; };
		9CB391D420ABC0560076D600 /* InputView.swift */ = {isa = PBXFileReference; fileEncoding = 4; lastKnownFileType = sourcecode.swift; path = InputView.swift; sourceTree = "<group>"; };
		9CB391D520ABC0560076D600 /* InputView.xib */ = {isa = PBXFileReference; fileEncoding = 4; lastKnownFileType = file.xib; path = InputView.xib; sourceTree = "<group>"; };
		9CB391D620ABC0560076D600 /* VarlenaInput.swift */ = {isa = PBXFileReference; fileEncoding = 4; lastKnownFileType = sourcecode.swift; path = VarlenaInput.swift; sourceTree = "<group>"; };
		9CB391D720ABC0560076D600 /* VarlenaInput.xib */ = {isa = PBXFileReference; fileEncoding = 4; lastKnownFileType = file.xib; path = VarlenaInput.xib; sourceTree = "<group>"; };
		9CB391D920ABC0560076D600 /* ProgressView.swift */ = {isa = PBXFileReference; fileEncoding = 4; lastKnownFileType = sourcecode.swift; path = ProgressView.swift; sourceTree = "<group>"; };
		9CB391DA20ABC0560076D600 /* RoundProgress.swift */ = {isa = PBXFileReference; fileEncoding = 4; lastKnownFileType = sourcecode.swift; path = RoundProgress.swift; sourceTree = "<group>"; };
		9CB391DC20ABC0560076D600 /* iDateSelector.swift */ = {isa = PBXFileReference; fileEncoding = 4; lastKnownFileType = sourcecode.swift; path = iDateSelector.swift; sourceTree = "<group>"; };
		9CB391DD20ABC0560076D600 /* iSelector.swift */ = {isa = PBXFileReference; fileEncoding = 4; lastKnownFileType = sourcecode.swift; path = iSelector.swift; sourceTree = "<group>"; };
		9CB391DE20ABC0560076D600 /* iSelector.xib */ = {isa = PBXFileReference; fileEncoding = 4; lastKnownFileType = file.xib; path = iSelector.xib; sourceTree = "<group>"; };
		9CB391E020ABC0560076D600 /* KeyValue.swift */ = {isa = PBXFileReference; fileEncoding = 4; lastKnownFileType = sourcecode.swift; path = KeyValue.swift; sourceTree = "<group>"; };
		9CB391E120ABC0560076D600 /* NibLoable.swift */ = {isa = PBXFileReference; fileEncoding = 4; lastKnownFileType = sourcecode.swift; path = NibLoable.swift; sourceTree = "<group>"; };
		9CB391E220ABC0560076D600 /* Notifiable.swift */ = {isa = PBXFileReference; fileEncoding = 4; lastKnownFileType = sourcecode.swift; path = Notifiable.swift; sourceTree = "<group>"; };
		9CB391E320ABC0560076D600 /* Operator.swift */ = {isa = PBXFileReference; fileEncoding = 4; lastKnownFileType = sourcecode.swift; path = Operator.swift; sourceTree = "<group>"; };
		9CB3921C20ABC5090076D600 /* HabitList.storyboard */ = {isa = PBXFileReference; lastKnownFileType = file.storyboard; path = HabitList.storyboard; sourceTree = "<group>"; };
		9CB3922020ABC5250076D600 /* HabitListController.swift */ = {isa = PBXFileReference; lastKnownFileType = sourcecode.swift; path = HabitListController.swift; sourceTree = "<group>"; };
		9CB3922320ABC7A90076D600 /* Habit_SQlite.swift */ = {isa = PBXFileReference; lastKnownFileType = sourcecode.swift; path = Habit_SQlite.swift; sourceTree = "<group>"; };
		9CB3922620ABCD7C0076D600 /* Habit.swift */ = {isa = PBXFileReference; lastKnownFileType = sourcecode.swift; path = Habit.swift; sourceTree = "<group>"; };
		9CB3922820ABCFF50076D600 /* Log_SQlite.swift */ = {isa = PBXFileReference; lastKnownFileType = sourcecode.swift; path = Log_SQlite.swift; sourceTree = "<group>"; };
		9CB3922A20ABD15C0076D600 /* Log.swift */ = {isa = PBXFileReference; lastKnownFileType = sourcecode.swift; path = Log.swift; sourceTree = "<group>"; };
		9CB3922D20ABD4CA0076D600 /* HabitEdit.storyboard */ = {isa = PBXFileReference; lastKnownFileType = file.storyboard; path = HabitEdit.storyboard; sourceTree = "<group>"; };
		9CB3922F20ABD5070076D600 /* HabitEditController.swift */ = {isa = PBXFileReference; lastKnownFileType = sourcecode.swift; path = HabitEditController.swift; sourceTree = "<group>"; };
		9CB3923220ABD6010076D600 /* HabitEditNameCard.swift */ = {isa = PBXFileReference; lastKnownFileType = sourcecode.swift; path = HabitEditNameCard.swift; sourceTree = "<group>"; };
		9CB3923420ABDB6D0076D600 /* HabitEditTopCard.swift */ = {isa = PBXFileReference; lastKnownFileType = sourcecode.swift; path = HabitEditTopCard.swift; sourceTree = "<group>"; };
		9CB3923D20AC12350076D600 /* KeyboardInput.xib */ = {isa = PBXFileReference; lastKnownFileType = file.xib; path = KeyboardInput.xib; sourceTree = "<group>"; };
		9CB3923E20AC12350076D600 /* KeyboardInput.swift */ = {isa = PBXFileReference; lastKnownFileType = sourcecode.swift; path = KeyboardInput.swift; sourceTree = "<group>"; };
		9CB3924120AC21D90076D600 /* HabitEditGoalCard.swift */ = {isa = PBXFileReference; lastKnownFileType = sourcecode.swift; path = HabitEditGoalCard.swift; sourceTree = "<group>"; };
		9CB3924420AC24C90076D600 /* ColorController.swift */ = {isa = PBXFileReference; lastKnownFileType = sourcecode.swift; path = ColorController.swift; sourceTree = "<group>"; };
		9CB3924620AC24D90076D600 /* Color.storyboard */ = {isa = PBXFileReference; lastKnownFileType = file.storyboard; path = Color.storyboard; sourceTree = "<group>"; };
		9CB3924820AC27290076D600 /* ColorCell.swift */ = {isa = PBXFileReference; lastKnownFileType = sourcecode.swift; path = ColorCell.swift; sourceTree = "<group>"; };
		9CB3924A20AC33970076D600 /* HabitEditUICard.swift */ = {isa = PBXFileReference; lastKnownFileType = sourcecode.swift; path = HabitEditUICard.swift; sourceTree = "<group>"; };
		9CB3924C20AC33A80076D600 /* HabitEditMessageCard.swift */ = {isa = PBXFileReference; lastKnownFileType = sourcecode.swift; path = HabitEditMessageCard.swift; sourceTree = "<group>"; };
		9CB3924F20AC36FE0076D600 /* ImageController.swift */ = {isa = PBXFileReference; lastKnownFileType = sourcecode.swift; path = ImageController.swift; sourceTree = "<group>"; };
		9CB3925120AC37150076D600 /* Image.storyboard */ = {isa = PBXFileReference; lastKnownFileType = file.storyboard; path = Image.storyboard; sourceTree = "<group>"; };
		9CB3925320AC378F0076D600 /* ImageCell.swift */ = {isa = PBXFileReference; lastKnownFileType = sourcecode.swift; path = ImageCell.swift; sourceTree = "<group>"; };
		9CB3925520AC39110076D600 /* Ex_UIImage.swift */ = {isa = PBXFileReference; lastKnownFileType = sourcecode.swift; path = Ex_UIImage.swift; sourceTree = "<group>"; };
/* End PBXFileReference section */

/* Begin PBXFrameworksBuildPhase section */
		9CB3918620ABBFC60076D600 /* Frameworks */ = {
			isa = PBXFrameworksBuildPhase;
			buildActionMask = 2147483647;
			files = (
			);
			runOnlyForDeploymentPostprocessing = 0;
		};
/* End PBXFrameworksBuildPhase section */

/* Begin PBXGroup section */
		9CB3918020ABBFC60076D600 = {
			isa = PBXGroup;
			children = (
				9CB3918B20ABBFC60076D600 /* Days */,
				9CB3918A20ABBFC60076D600 /* Products */,
			);
			sourceTree = "<group>";
		};
		9CB3918A20ABBFC60076D600 /* Products */ = {
			isa = PBXGroup;
			children = (
				9CB3918920ABBFC60076D600 /* Days.app */,
			);
			name = Products;
			sourceTree = "<group>";
		};
		9CB3918B20ABBFC60076D600 /* Days */ = {
			isa = PBXGroup;
			children = (
				9CB3921A20ABC12C0076D600 /* Models */,
				9CB3921720ABC0A30076D600 /* Interfaces */,
				9CB3919F20ABBFF70076D600 /* Base */,
				9CB3919E20ABBFE00076D600 /* Resources */,
				9CB391A020ABC0560076D600 /* Codebase */,
			);
			path = Days;
			sourceTree = "<group>";
		};
		9CB3919E20ABBFE00076D600 /* Resources */ = {
			isa = PBXGroup;
			children = (
				9CB3919020ABBFC60076D600 /* Main.storyboard */,
				9CB3919320ABBFC80076D600 /* Assets.xcassets */,
				9CB3919520ABBFC80076D600 /* LaunchScreen.storyboard */,
				9CB3919820ABBFC80076D600 /* Info.plist */,
			);
			path = Resources;
			sourceTree = "<group>";
		};
		9CB3919F20ABBFF70076D600 /* Base */ = {
			isa = PBXGroup;
			children = (
				9CB3918C20ABBFC60076D600 /* AppDelegate.swift */,
			);
			path = Base;
			sourceTree = "<group>";
		};
		9CB391A020ABC0560076D600 /* Codebase */ = {
			isa = PBXGroup;
			children = (
				9CB391A120ABC0560076D600 /* Animation */,
				9CB391A320ABC0560076D600 /* BaseObjects */,
				9CB391B520ABC0560076D600 /* Database */,
				9CB391B920ABC0560076D600 /* Extensions */,
				9CB391CA20ABC0560076D600 /* Interface */,
				9CB391DF20ABC0560076D600 /* Protocols */,
			);
			name = Codebase;
			path = ../../../../Codebase/Codebase;
			sourceTree = "<group>";
		};
		9CB391A120ABC0560076D600 /* Animation */ = {
			isa = PBXGroup;
			children = (
				9CB391A220ABC0560076D600 /* Animation.swift */,
			);
			path = Animation;
			sourceTree = "<group>";
		};
		9CB391A320ABC0560076D600 /* BaseObjects */ = {
			isa = PBXGroup;
			children = (
				9CB391A420ABC0560076D600 /* Button.swift */,
				9CB391A520ABC0560076D600 /* ImageView.swift */,
				9CB391A620ABC0560076D600 /* ScrollView */,
				9CB391AF20ABC0560076D600 /* TableView */,
				9CB391B220ABC0560076D600 /* TableViewController.swift */,
				9CB391B320ABC0560076D600 /* View.swift */,
				9CB391B420ABC0560076D600 /* ViewController.swift */,
			);
			path = BaseObjects;
			sourceTree = "<group>";
		};
		9CB391A620ABC0560076D600 /* ScrollView */ = {
			isa = PBXGroup;
			children = (
				9CB391A720ABC0560076D600 /* CardSeparator.swift */,
				9CB391A820ABC0560076D600 /* CardTable.swift */,
				9CB391A920ABC0560076D600 /* CardView.swift */,
				9CB391AA20ABC0560076D600 /* CardViews */,
			);
			path = ScrollView;
			sourceTree = "<group>";
		};
		9CB391AA20ABC0560076D600 /* CardViews */ = {
			isa = PBXGroup;
			children = (
				9CB391AB20ABC0560076D600 /* CardTextView.swift */,
				9CB391AC20ABC0560076D600 /* CardTextView.xib */,
				9CB391AD20ABC0560076D600 /* CardTopView.swift */,
				9CB391AE20ABC0560076D600 /* CardTopView.xib */,
			);
			path = CardViews;
			sourceTree = "<group>";
		};
		9CB391AF20ABC0560076D600 /* TableView */ = {
			isa = PBXGroup;
			children = (
				9CB391B020ABC0560076D600 /* TableView.swift */,
				9CB391B120ABC0560076D600 /* TableViewCell.swift */,
			);
			path = TableView;
			sourceTree = "<group>";
		};
		9CB391B520ABC0560076D600 /* Database */ = {
			isa = PBXGroup;
			children = (
				9CB391B620ABC0560076D600 /* SQLite.swift */,
				9CB391B720ABC0560076D600 /* SQLiteProtocol.swift */,
			);
			path = Database;
			sourceTree = "<group>";
		};
		9CB391B920ABC0560076D600 /* Extensions */ = {
			isa = PBXGroup;
			children = (
				9CB391BA20ABC0560076D600 /* Foundation */,
				9CB391C220ABC0560076D600 /* UIKit */,
			);
			path = Extensions;
			sourceTree = "<group>";
		};
		9CB391BA20ABC0560076D600 /* Foundation */ = {
			isa = PBXGroup;
			children = (
				9CB391BB20ABC0560076D600 /* Ex_Array.swift */,
				9CB391BC20ABC0560076D600 /* Ex_Calendar.swift */,
				9CB391BD20ABC0560076D600 /* Ex_Date.swift */,
				9CB391BE20ABC0560076D600 /* Ex_DateFormatter.swift */,
				9CB391BF20ABC0560076D600 /* Ex_IndexPath.swift */,
				9CB391C020ABC0560076D600 /* Ex_Int.swift */,
				9CB391C120ABC0560076D600 /* Ex_String.swift */,
			);
			path = Foundation;
			sourceTree = "<group>";
		};
		9CB391C220ABC0560076D600 /* UIKit */ = {
			isa = PBXGroup;
			children = (
				9CB391C320ABC0560076D600 /* Ex_UIColor.swift */,
				9CB391C420ABC0560076D600 /* Ex_UIDevice.swift */,
				9CB391C520ABC0560076D600 /* Ex_UILabel.swift */,
				9CB391C620ABC0560076D600 /* Ex_UIScreen.swift */,
				9CB391C720ABC0560076D600 /* Ex_UIStoryboardSegue.swift */,
				9CB391C820ABC0560076D600 /* Ex_UITextField.swift */,
				9CB391C920ABC0560076D600 /* Ex_UITextView.swift */,
				9CB3925520AC39110076D600 /* Ex_UIImage.swift */,
			);
			path = UIKit;
			sourceTree = "<group>";
		};
		9CB391CA20ABC0560076D600 /* Interface */ = {
			isa = PBXGroup;
			children = (
				9CB391CB20ABC0560076D600 /* Calender */,
				9CB391D020ABC0560076D600 /* Chart */,
				9CB391D120ABC0560076D600 /* Input */,
				9CB391D820ABC0560076D600 /* Progress */,
				9CB391DB20ABC0560076D600 /* Selector */,
			);
			path = Interface;
			sourceTree = "<group>";
		};
		9CB391CB20ABC0560076D600 /* Calender */ = {
			isa = PBXGroup;
			children = (
				9CB391CC20ABC0560076D600 /* CalendarCell.swift */,
				9CB391CD20ABC0560076D600 /* CalendarCell.xib */,
				9CB391CE20ABC0560076D600 /* CalendarView.swift */,
				9CB391CF20ABC0560076D600 /* CalendarView.xib */,
			);
			path = Calender;
			sourceTree = "<group>";
		};
		9CB391D020ABC0560076D600 /* Chart */ = {
			isa = PBXGroup;
			children = (
			);
			path = Chart;
			sourceTree = "<group>";
		};
		9CB391D120ABC0560076D600 /* Input */ = {
			isa = PBXGroup;
			children = (
				9CB391D220ABC0560076D600 /* InputTextView.swift */,
				9CB391D320ABC0560076D600 /* InputTextView.xib */,
				9CB391D420ABC0560076D600 /* InputView.swift */,
				9CB391D520ABC0560076D600 /* InputView.xib */,
				9CB391D620ABC0560076D600 /* VarlenaInput.swift */,
				9CB391D720ABC0560076D600 /* VarlenaInput.xib */,
			);
			path = Input;
			sourceTree = "<group>";
		};
		9CB391D820ABC0560076D600 /* Progress */ = {
			isa = PBXGroup;
			children = (
				9CB391D920ABC0560076D600 /* ProgressView.swift */,
				9CB391DA20ABC0560076D600 /* RoundProgress.swift */,
			);
			path = Progress;
			sourceTree = "<group>";
		};
		9CB391DB20ABC0560076D600 /* Selector */ = {
			isa = PBXGroup;
			children = (
				9CB391DC20ABC0560076D600 /* iDateSelector.swift */,
				9CB391DD20ABC0560076D600 /* iSelector.swift */,
				9CB391DE20ABC0560076D600 /* iSelector.xib */,
			);
			path = Selector;
			sourceTree = "<group>";
		};
		9CB391DF20ABC0560076D600 /* Protocols */ = {
			isa = PBXGroup;
			children = (
				9CB391E020ABC0560076D600 /* KeyValue.swift */,
				9CB391E120ABC0560076D600 /* NibLoable.swift */,
				9CB391E220ABC0560076D600 /* Notifiable.swift */,
				9CB391E320ABC0560076D600 /* Operator.swift */,
			);
			path = Protocols;
			sourceTree = "<group>";
		};
		9CB3921720ABC0A30076D600 /* Interfaces */ = {
			isa = PBXGroup;
			children = (
				9CB3923A20ABE2F90076D600 /* ToolViews */,
				9CB3924E20AC36E60076D600 /* Image */,
				9CB3924320AC24B20076D600 /* Color */,
				9CB3921920ABC0E70076D600 /* Habit */,
			);
			path = Interfaces;
			sourceTree = "<group>";
		};
		9CB3921920ABC0E70076D600 /* Habit */ = {
			isa = PBXGroup;
			children = (
				9CB3922C20ABD4BD0076D600 /* Edit */,
				9CB3921B20ABC31B0076D600 /* List */,
			);
			path = Habit;
			sourceTree = "<group>";
		};
		9CB3921A20ABC12C0076D600 /* Models */ = {
			isa = PBXGroup;
			children = (
				9CB3922520ABCCFA0076D600 /* Object */,
				9CB3922220ABC7950076D600 /* SQlite */,
			);
			path = Models;
			sourceTree = "<group>";
		};
		9CB3921B20ABC31B0076D600 /* List */ = {
			isa = PBXGroup;
			children = (
				9CB3921C20ABC5090076D600 /* HabitList.storyboard */,
				9CB3922020ABC5250076D600 /* HabitListController.swift */,
			);
			path = List;
			sourceTree = "<group>";
		};
		9CB3922220ABC7950076D600 /* SQlite */ = {
			isa = PBXGroup;
			children = (
				9CB3922320ABC7A90076D600 /* Habit_SQlite.swift */,
				9CB3922820ABCFF50076D600 /* Log_SQlite.swift */,
			);
			path = SQlite;
			sourceTree = "<group>";
		};
		9CB3922520ABCCFA0076D600 /* Object */ = {
			isa = PBXGroup;
			children = (
				9CB3922620ABCD7C0076D600 /* Habit.swift */,
				9CB3922A20ABD15C0076D600 /* Log.swift */,
			);
			path = Object;
			sourceTree = "<group>";
		};
		9CB3922C20ABD4BD0076D600 /* Edit */ = {
			isa = PBXGroup;
			children = (
				9CB3922D20ABD4CA0076D600 /* HabitEdit.storyboard */,
				9CB3922F20ABD5070076D600 /* HabitEditController.swift */,
				9CB3923120ABD58D0076D600 /* Cards */,
			);
			path = Edit;
			sourceTree = "<group>";
		};
		9CB3923120ABD58D0076D600 /* Cards */ = {
			isa = PBXGroup;
			children = (
				9CB3923420ABDB6D0076D600 /* HabitEditTopCard.swift */,
				9CB3923220ABD6010076D600 /* HabitEditNameCard.swift */,
				9CB3924120AC21D90076D600 /* HabitEditGoalCard.swift */,
				9CB3924A20AC33970076D600 /* HabitEditUICard.swift */,
				9CB3924C20AC33A80076D600 /* HabitEditMessageCard.swift */,
			);
			path = Cards;
			sourceTree = "<group>";
		};
		9CB3923A20ABE2F90076D600 /* ToolViews */ = {
			isa = PBXGroup;
			children = (
				9CB3923E20AC12350076D600 /* KeyboardInput.swift */,
				9CB3923D20AC12350076D600 /* KeyboardInput.xib */,
			);
			path = ToolViews;
			sourceTree = "<group>";
		};
		9CB3924320AC24B20076D600 /* Color */ = {
			isa = PBXGroup;
			children = (
				9CB3924620AC24D90076D600 /* Color.storyboard */,
				9CB3924420AC24C90076D600 /* ColorController.swift */,
				9CB3924820AC27290076D600 /* ColorCell.swift */,
			);
			path = Color;
			sourceTree = "<group>";
		};
		9CB3924E20AC36E60076D600 /* Image */ = {
			isa = PBXGroup;
			children = (
				9CB3925120AC37150076D600 /* Image.storyboard */,
				9CB3924F20AC36FE0076D600 /* ImageController.swift */,
				9CB3925320AC378F0076D600 /* ImageCell.swift */,
			);
			path = Image;
			sourceTree = "<group>";
		};
/* End PBXGroup section */

/* Begin PBXNativeTarget section */
		9CB3918820ABBFC60076D600 /* Days */ = {
			isa = PBXNativeTarget;
			buildConfigurationList = 9CB3919B20ABBFC80076D600 /* Build configuration list for PBXNativeTarget "Days" */;
			buildPhases = (
				9CB3918520ABBFC60076D600 /* Sources */,
				9CB3918620ABBFC60076D600 /* Frameworks */,
				9CB3918720ABBFC60076D600 /* Resources */,
			);
			buildRules = (
			);
			dependencies = (
			);
			name = Days;
			productName = Days;
			productReference = 9CB3918920ABBFC60076D600 /* Days.app */;
			productType = "com.apple.product-type.application";
		};
/* End PBXNativeTarget section */

/* Begin PBXProject section */
		9CB3918120ABBFC60076D600 /* Project object */ = {
			isa = PBXProject;
			attributes = {
				LastSwiftUpdateCheck = 0930;
				LastUpgradeCheck = 0930;
				ORGANIZATIONNAME = Myron;
				TargetAttributes = {
					9CB3918820ABBFC60076D600 = {
						CreatedOnToolsVersion = 9.3;
					};
				};
			};
			buildConfigurationList = 9CB3918420ABBFC60076D600 /* Build configuration list for PBXProject "Days" */;
			compatibilityVersion = "Xcode 9.3";
			developmentRegion = en;
			hasScannedForEncodings = 0;
			knownRegions = (
				en,
				Base,
			);
			mainGroup = 9CB3918020ABBFC60076D600;
			productRefGroup = 9CB3918A20ABBFC60076D600 /* Products */;
			projectDirPath = "";
			projectRoot = "";
			targets = (
				9CB3918820ABBFC60076D600 /* Days */,
			);
		};
/* End PBXProject section */

/* Begin PBXResourcesBuildPhase section */
		9CB3918720ABBFC60076D600 /* Resources */ = {
			isa = PBXResourcesBuildPhase;
			buildActionMask = 2147483647;
			files = (
				9CB3919720ABBFC80076D600 /* LaunchScreen.storyboard in Resources */,
				9CB391ED20ABC0560076D600 /* CardTopView.xib in Resources */,
				9CB3920920ABC0560076D600 /* InputTextView.xib in Resources */,
				9CB3924020AC12E90076D600 /* KeyboardInput.xib in Resources */,
				9CB3921D20ABC5090076D600 /* HabitList.storyboard in Resources */,
				9CB3919420ABBFC80076D600 /* Assets.xcassets in Resources */,
				9CB3919220ABBFC60076D600 /* Main.storyboard in Resources */,
				9CB3920720ABC0560076D600 /* CalendarView.xib in Resources */,
				9CB3920D20ABC0560076D600 /* VarlenaInput.xib in Resources */,
				9CB391EB20ABC0560076D600 /* CardTextView.xib in Resources */,
				9CB3925220AC37150076D600 /* Image.storyboard in Resources */,
				9CB3920520ABC0560076D600 /* CalendarCell.xib in Resources */,
				9CB3921220ABC0560076D600 /* iSelector.xib in Resources */,
				9CB3920B20ABC0560076D600 /* InputView.xib in Resources */,
				9CB3924720AC24D90076D600 /* Color.storyboard in Resources */,
				9CB3922E20ABD4CA0076D600 /* HabitEdit.storyboard in Resources */,
			);
			runOnlyForDeploymentPostprocessing = 0;
		};
/* End PBXResourcesBuildPhase section */

/* Begin PBXSourcesBuildPhase section */
		9CB3918520ABBFC60076D600 /* Sources */ = {
			isa = PBXSourcesBuildPhase;
			buildActionMask = 2147483647;
			files = (
				9CB3922720ABCD7C0076D600 /* Habit.swift in Sources */,
				9CB391FE20ABC0560076D600 /* Ex_UIDevice.swift in Sources */,
				9CB391F120ABC0560076D600 /* View.swift in Sources */,
				9CB3920C20ABC0560076D600 /* VarlenaInput.swift in Sources */,
				9CB3920020ABC0560076D600 /* Ex_UIScreen.swift in Sources */,
				9CB391F320ABC0560076D600 /* SQLite.swift in Sources */,
				9CB3921620ABC0560076D600 /* Operator.swift in Sources */,
				9CB3923F20AC12880076D600 /* KeyboardInput.swift in Sources */,
				9CB3925620AC39110076D600 /* Ex_UIImage.swift in Sources */,
				9CB391F620ABC0560076D600 /* Ex_Array.swift in Sources */,
				9CB391FB20ABC0560076D600 /* Ex_Int.swift in Sources */,
				9CB3924220AC21D90076D600 /* HabitEditGoalCard.swift in Sources */,
				9CB3920820ABC0560076D600 /* InputTextView.swift in Sources */,
				9CB391E920ABC0560076D600 /* CardView.swift in Sources */,
				9CB3920420ABC0560076D600 /* CalendarCell.swift in Sources */,
				9CB3920320ABC0560076D600 /* Ex_UITextView.swift in Sources */,
				9CB3922420ABC7A90076D600 /* Habit_SQlite.swift in Sources */,
				9CB391FC20ABC0560076D600 /* Ex_String.swift in Sources */,
				9CB391F420ABC0560076D600 /* SQLiteProtocol.swift in Sources */,
				9CB391EE20ABC0560076D600 /* TableView.swift in Sources */,
				9CB3921320ABC0560076D600 /* KeyValue.swift in Sources */,
				9CB3920220ABC0560076D600 /* Ex_UITextField.swift in Sources */,
				9CB391E720ABC0560076D600 /* CardSeparator.swift in Sources */,
				9CB3920E20ABC0560076D600 /* ProgressView.swift in Sources */,
				9CB3925420AC378F0076D600 /* ImageCell.swift in Sources */,
				9CB391F220ABC0560076D600 /* ViewController.swift in Sources */,
				9CB3924D20AC33A80076D600 /* HabitEditMessageCard.swift in Sources */,
				9CB391FF20ABC0560076D600 /* Ex_UILabel.swift in Sources */,
				9CB3920620ABC0560076D600 /* CalendarView.swift in Sources */,
				9CB3921520ABC0560076D600 /* Notifiable.swift in Sources */,
				9CB391F920ABC0560076D600 /* Ex_DateFormatter.swift in Sources */,
				9CB391EC20ABC0560076D600 /* CardTopView.swift in Sources */,
				9CB391E620ABC0560076D600 /* ImageView.swift in Sources */,
				9CB3924B20AC33970076D600 /* HabitEditUICard.swift in Sources */,
				9CB3922120ABC5250076D600 /* HabitListController.swift in Sources */,
				9CB3920A20ABC0560076D600 /* InputView.swift in Sources */,
				9CB3920F20ABC0560076D600 /* RoundProgress.swift in Sources */,
				9CB3924920AC27290076D600 /* ColorCell.swift in Sources */,
				9CB391FA20ABC0560076D600 /* Ex_IndexPath.swift in Sources */,
				9CB3925020AC36FE0076D600 /* ImageController.swift in Sources */,
				9CB391E420ABC0560076D600 /* Animation.swift in Sources */,
				9CB3921120ABC0560076D600 /* iSelector.swift in Sources */,
				9CB3923020ABD5070076D600 /* HabitEditController.swift in Sources */,
				9CB3921420ABC0560076D600 /* NibLoable.swift in Sources */,
				9CB391FD20ABC0560076D600 /* Ex_UIColor.swift in Sources */,
				9CB391EF20ABC0560076D600 /* TableViewCell.swift in Sources */,
				9CB3922B20ABD15C0076D600 /* Log.swift in Sources */,
				9CB3923320ABD6010076D600 /* HabitEditNameCard.swift in Sources */,
				9CB3922920ABCFF50076D600 /* Log_SQlite.swift in Sources */,
				9CB391F020ABC0560076D600 /* TableViewController.swift in Sources */,
				9CB391E520ABC0560076D600 /* Button.swift in Sources */,
				9CB391E820ABC0560076D600 /* CardTable.swift in Sources */,
				9CB391F720ABC0560076D600 /* Ex_Calendar.swift in Sources */,
				9CB3920120ABC0560076D600 /* Ex_UIStoryboardSegue.swift in Sources */,
				9CB3918D20ABBFC60076D600 /* AppDelegate.swift in Sources */,
				9CB3924520AC24C90076D600 /* ColorController.swift in Sources */,
				9CB391F820ABC0560076D600 /* Ex_Date.swift in Sources */,
				9CB3921020ABC0560076D600 /* iDateSelector.swift in Sources */,
				9CB3923520ABDB6D0076D600 /* HabitEditTopCard.swift in Sources */,
				9CB391EA20ABC0560076D600 /* CardTextView.swift in Sources */,
			);
			runOnlyForDeploymentPostprocessing = 0;
		};
/* End PBXSourcesBuildPhase section */

/* Begin PBXVariantGroup section */
		9CB3919020ABBFC60076D600 /* Main.storyboard */ = {
			isa = PBXVariantGroup;
			children = (
				9CB3919120ABBFC60076D600 /* Base */,
			);
			name = Main.storyboard;
			sourceTree = "<group>";
		};
		9CB3919520ABBFC80076D600 /* LaunchScreen.storyboard */ = {
			isa = PBXVariantGroup;
			children = (
				9CB3919620ABBFC80076D600 /* Base */,
			);
			name = LaunchScreen.storyboard;
			sourceTree = "<group>";
		};
/* End PBXVariantGroup section */

/* Begin XCBuildConfiguration section */
		9CB3919920ABBFC80076D600 /* Debug */ = {
			isa = XCBuildConfiguration;
			buildSettings = {
				ALWAYS_SEARCH_USER_PATHS = NO;
				CLANG_ANALYZER_NONNULL = YES;
				CLANG_ANALYZER_NUMBER_OBJECT_CONVERSION = YES_AGGRESSIVE;
				CLANG_CXX_LANGUAGE_STANDARD = "gnu++14";
				CLANG_CXX_LIBRARY = "libc++";
				CLANG_ENABLE_MODULES = YES;
				CLANG_ENABLE_OBJC_ARC = YES;
				CLANG_ENABLE_OBJC_WEAK = YES;
				CLANG_WARN_BLOCK_CAPTURE_AUTORELEASING = YES;
				CLANG_WARN_BOOL_CONVERSION = YES;
				CLANG_WARN_COMMA = YES;
				CLANG_WARN_CONSTANT_CONVERSION = YES;
				CLANG_WARN_DEPRECATED_OBJC_IMPLEMENTATIONS = YES;
				CLANG_WARN_DIRECT_OBJC_ISA_USAGE = YES_ERROR;
				CLANG_WARN_DOCUMENTATION_COMMENTS = YES;
				CLANG_WARN_EMPTY_BODY = YES;
				CLANG_WARN_ENUM_CONVERSION = YES;
				CLANG_WARN_INFINITE_RECURSION = YES;
				CLANG_WARN_INT_CONVERSION = YES;
				CLANG_WARN_NON_LITERAL_NULL_CONVERSION = YES;
				CLANG_WARN_OBJC_IMPLICIT_RETAIN_SELF = YES;
				CLANG_WARN_OBJC_LITERAL_CONVERSION = YES;
				CLANG_WARN_OBJC_ROOT_CLASS = YES_ERROR;
				CLANG_WARN_RANGE_LOOP_ANALYSIS = YES;
				CLANG_WARN_STRICT_PROTOTYPES = YES;
				CLANG_WARN_SUSPICIOUS_MOVE = YES;
				CLANG_WARN_UNGUARDED_AVAILABILITY = YES_AGGRESSIVE;
				CLANG_WARN_UNREACHABLE_CODE = YES;
				CLANG_WARN__DUPLICATE_METHOD_MATCH = YES;
				CODE_SIGN_IDENTITY = "iPhone Developer";
				COPY_PHASE_STRIP = NO;
				DEBUG_INFORMATION_FORMAT = dwarf;
				ENABLE_STRICT_OBJC_MSGSEND = YES;
				ENABLE_TESTABILITY = YES;
				GCC_C_LANGUAGE_STANDARD = gnu11;
				GCC_DYNAMIC_NO_PIC = NO;
				GCC_NO_COMMON_BLOCKS = YES;
				GCC_OPTIMIZATION_LEVEL = 0;
				GCC_PREPROCESSOR_DEFINITIONS = (
					"DEBUG=1",
					"$(inherited)",
				);
				GCC_WARN_64_TO_32_BIT_CONVERSION = YES;
				GCC_WARN_ABOUT_RETURN_TYPE = YES_ERROR;
				GCC_WARN_UNDECLARED_SELECTOR = YES;
				GCC_WARN_UNINITIALIZED_AUTOS = YES_AGGRESSIVE;
				GCC_WARN_UNUSED_FUNCTION = YES;
				GCC_WARN_UNUSED_VARIABLE = YES;
				IPHONEOS_DEPLOYMENT_TARGET = 11.3;
				MTL_ENABLE_DEBUG_INFO = YES;
				ONLY_ACTIVE_ARCH = YES;
				SDKROOT = iphoneos;
				SWIFT_ACTIVE_COMPILATION_CONDITIONS = DEBUG;
				SWIFT_OPTIMIZATION_LEVEL = "-Onone";
			};
			name = Debug;
		};
		9CB3919A20ABBFC80076D600 /* Release */ = {
			isa = XCBuildConfiguration;
			buildSettings = {
				ALWAYS_SEARCH_USER_PATHS = NO;
				CLANG_ANALYZER_NONNULL = YES;
				CLANG_ANALYZER_NUMBER_OBJECT_CONVERSION = YES_AGGRESSIVE;
				CLANG_CXX_LANGUAGE_STANDARD = "gnu++14";
				CLANG_CXX_LIBRARY = "libc++";
				CLANG_ENABLE_MODULES = YES;
				CLANG_ENABLE_OBJC_ARC = YES;
				CLANG_ENABLE_OBJC_WEAK = YES;
				CLANG_WARN_BLOCK_CAPTURE_AUTORELEASING = YES;
				CLANG_WARN_BOOL_CONVERSION = YES;
				CLANG_WARN_COMMA = YES;
				CLANG_WARN_CONSTANT_CONVERSION = YES;
				CLANG_WARN_DEPRECATED_OBJC_IMPLEMENTATIONS = YES;
				CLANG_WARN_DIRECT_OBJC_ISA_USAGE = YES_ERROR;
				CLANG_WARN_DOCUMENTATION_COMMENTS = YES;
				CLANG_WARN_EMPTY_BODY = YES;
				CLANG_WARN_ENUM_CONVERSION = YES;
				CLANG_WARN_INFINITE_RECURSION = YES;
				CLANG_WARN_INT_CONVERSION = YES;
				CLANG_WARN_NON_LITERAL_NULL_CONVERSION = YES;
				CLANG_WARN_OBJC_IMPLICIT_RETAIN_SELF = YES;
				CLANG_WARN_OBJC_LITERAL_CONVERSION = YES;
				CLANG_WARN_OBJC_ROOT_CLASS = YES_ERROR;
				CLANG_WARN_RANGE_LOOP_ANALYSIS = YES;
				CLANG_WARN_STRICT_PROTOTYPES = YES;
				CLANG_WARN_SUSPICIOUS_MOVE = YES;
				CLANG_WARN_UNGUARDED_AVAILABILITY = YES_AGGRESSIVE;
				CLANG_WARN_UNREACHABLE_CODE = YES;
				CLANG_WARN__DUPLICATE_METHOD_MATCH = YES;
				CODE_SIGN_IDENTITY = "iPhone Developer";
				COPY_PHASE_STRIP = NO;
				DEBUG_INFORMATION_FORMAT = "dwarf-with-dsym";
				ENABLE_NS_ASSERTIONS = NO;
				ENABLE_STRICT_OBJC_MSGSEND = YES;
				GCC_C_LANGUAGE_STANDARD = gnu11;
				GCC_NO_COMMON_BLOCKS = YES;
				GCC_WARN_64_TO_32_BIT_CONVERSION = YES;
				GCC_WARN_ABOUT_RETURN_TYPE = YES_ERROR;
				GCC_WARN_UNDECLARED_SELECTOR = YES;
				GCC_WARN_UNINITIALIZED_AUTOS = YES_AGGRESSIVE;
				GCC_WARN_UNUSED_FUNCTION = YES;
				GCC_WARN_UNUSED_VARIABLE = YES;
				IPHONEOS_DEPLOYMENT_TARGET = 11.3;
				MTL_ENABLE_DEBUG_INFO = NO;
				SDKROOT = iphoneos;
				SWIFT_COMPILATION_MODE = wholemodule;
				SWIFT_OPTIMIZATION_LEVEL = "-O";
				VALIDATE_PRODUCT = YES;
			};
			name = Release;
		};
		9CB3919C20ABBFC80076D600 /* Debug */ = {
			isa = XCBuildConfiguration;
			buildSettings = {
				ASSETCATALOG_COMPILER_APPICON_NAME = AppIcon;
				CODE_SIGN_STYLE = Automatic;
				DEVELOPMENT_TEAM = 8BBKEKP879;
				INFOPLIST_FILE = "$(SRCROOT)/Days/Resources/Info.plist";
				IPHONEOS_DEPLOYMENT_TARGET = 10.0;
				LD_RUNPATH_SEARCH_PATHS = (
					"$(inherited)",
					"@executable_path/Frameworks",
				);
				PRODUCT_BUNDLE_IDENTIFIER = myron.Days;
				PRODUCT_NAME = "$(TARGET_NAME)";
				SWIFT_VERSION = 4.0;
				TARGETED_DEVICE_FAMILY = "1,2";
			};
			name = Debug;
		};
		9CB3919D20ABBFC80076D600 /* Release */ = {
			isa = XCBuildConfiguration;
			buildSettings = {
				ASSETCATALOG_COMPILER_APPICON_NAME = AppIcon;
				CODE_SIGN_STYLE = Automatic;
				DEVELOPMENT_TEAM = 8BBKEKP879;
				INFOPLIST_FILE = "$(SRCROOT)/Days/Resources/Info.plist";
				IPHONEOS_DEPLOYMENT_TARGET = 10.0;
				LD_RUNPATH_SEARCH_PATHS = (
					"$(inherited)",
					"@executable_path/Frameworks",
				);
				PRODUCT_BUNDLE_IDENTIFIER = myron.Days;
				PRODUCT_NAME = "$(TARGET_NAME)";
				SWIFT_VERSION = 4.0;
				TARGETED_DEVICE_FAMILY = "1,2";
			};
			name = Release;
		};
/* End XCBuildConfiguration section */

/* Begin XCConfigurationList section */
		9CB3918420ABBFC60076D600 /* Build configuration list for PBXProject "Days" */ = {
			isa = XCConfigurationList;
			buildConfigurations = (
				9CB3919920ABBFC80076D600 /* Debug */,
				9CB3919A20ABBFC80076D600 /* Release */,
			);
			defaultConfigurationIsVisible = 0;
			defaultConfigurationName = Release;
		};
		9CB3919B20ABBFC80076D600 /* Build configuration list for PBXNativeTarget "Days" */ = {
			isa = XCConfigurationList;
			buildConfigurations = (
				9CB3919C20ABBFC80076D600 /* Debug */,
				9CB3919D20ABBFC80076D600 /* Release */,
			);
			defaultConfigurationIsVisible = 0;
			defaultConfigurationName = Release;
		};
/* End XCConfigurationList section */
	};
	rootObject = 9CB3918120ABBFC60076D600 /* Project object */;
}
