// !$*UTF8*$!
{
	archiveVersion = 1;
	classes = {
	};
	objectVersion = 50;
	objects = {

/* Begin PBXBuildFile section */
		9C0C440820A2863C0076B43F /* LogListController.swift in Sources */ = {isa = PBXBuildFile; fileRef = 9C0C440720A2863C0076B43F /* LogListController.swift */; };
		9C0C440A20A2864E0076B43F /* LogListCell.swift in Sources */ = {isa = PBXBuildFile; fileRef = 9C0C440920A2864E0076B43F /* LogListCell.swift */; };
		9C0C441520A297060076B43F /* ShowEventCard.swift in Sources */ = {isa = PBXBuildFile; fileRef = 9C0C441420A297060076B43F /* ShowEventCard.swift */; };
		9C0C441720A297C20076B43F /* Event.swift in Sources */ = {isa = PBXBuildFile; fileRef = 9C0C441620A297C20076B43F /* Event.swift */; };
		9C181742209D573F00FBD419 /* AppDelegate.swift in Sources */ = {isa = PBXBuildFile; fileRef = 9C181741209D573F00FBD419 /* AppDelegate.swift */; };
		9C181744209D573F00FBD419 /* TestController.swift in Sources */ = {isa = PBXBuildFile; fileRef = 9C181743209D573F00FBD419 /* TestController.swift */; };
		9C181747209D573F00FBD419 /* Main.storyboard in Resources */ = {isa = PBXBuildFile; fileRef = 9C181745209D573F00FBD419 /* Main.storyboard */; };
		9C18174A209D573F00FBD419 /* Daily.xcdatamodeld in Sources */ = {isa = PBXBuildFile; fileRef = 9C181748209D573F00FBD419 /* Daily.xcdatamodeld */; };
		9C18174C209D574300FBD419 /* Assets.xcassets in Resources */ = {isa = PBXBuildFile; fileRef = 9C18174B209D574300FBD419 /* Assets.xcassets */; };
		9C18174F209D574300FBD419 /* LaunchScreen.storyboard in Resources */ = {isa = PBXBuildFile; fileRef = 9C18174D209D574300FBD419 /* LaunchScreen.storyboard */; };
		9C181789209D57B500FBD419 /* Animation.swift in Sources */ = {isa = PBXBuildFile; fileRef = 9C181759209D57B400FBD419 /* Animation.swift */; };
		9C18178A209D57B500FBD419 /* Button.swift in Sources */ = {isa = PBXBuildFile; fileRef = 9C18175B209D57B400FBD419 /* Button.swift */; };
		9C18178B209D57B500FBD419 /* ImageView.swift in Sources */ = {isa = PBXBuildFile; fileRef = 9C18175C209D57B400FBD419 /* ImageView.swift */; };
		9C18178C209D57B500FBD419 /* CardSeparator.swift in Sources */ = {isa = PBXBuildFile; fileRef = 9C18175E209D57B400FBD419 /* CardSeparator.swift */; };
		9C18178D209D57B500FBD419 /* CardTable.swift in Sources */ = {isa = PBXBuildFile; fileRef = 9C18175F209D57B400FBD419 /* CardTable.swift */; };
		9C18178E209D57B500FBD419 /* CardView.swift in Sources */ = {isa = PBXBuildFile; fileRef = 9C181760209D57B400FBD419 /* CardView.swift */; };
		9C18178F209D57B500FBD419 /* TableView.swift in Sources */ = {isa = PBXBuildFile; fileRef = 9C181762209D57B400FBD419 /* TableView.swift */; };
		9C181790209D57B500FBD419 /* TableViewCell.swift in Sources */ = {isa = PBXBuildFile; fileRef = 9C181763209D57B400FBD419 /* TableViewCell.swift */; };
		9C181791209D57B500FBD419 /* View.swift in Sources */ = {isa = PBXBuildFile; fileRef = 9C181764209D57B400FBD419 /* View.swift */; };
		9C181792209D57B500FBD419 /* ViewController.swift in Sources */ = {isa = PBXBuildFile; fileRef = 9C181765209D57B400FBD419 /* ViewController.swift */; };
		9C181793209D57B500FBD419 /* SQLite.swift in Sources */ = {isa = PBXBuildFile; fileRef = 9C181767209D57B400FBD419 /* SQLite.swift */; };
		9C181794209D57B500FBD419 /* Ex_Array.swift in Sources */ = {isa = PBXBuildFile; fileRef = 9C18176A209D57B400FBD419 /* Ex_Array.swift */; };
		9C181795209D57B500FBD419 /* Ex_Calendar.swift in Sources */ = {isa = PBXBuildFile; fileRef = 9C18176B209D57B400FBD419 /* Ex_Calendar.swift */; };
		9C181796209D57B500FBD419 /* Ex_Date.swift in Sources */ = {isa = PBXBuildFile; fileRef = 9C18176C209D57B400FBD419 /* Ex_Date.swift */; };
		9C181797209D57B500FBD419 /* Ex_DateFormatter.swift in Sources */ = {isa = PBXBuildFile; fileRef = 9C18176D209D57B400FBD419 /* Ex_DateFormatter.swift */; };
		9C181798209D57B500FBD419 /* Ex_IndexPath.swift in Sources */ = {isa = PBXBuildFile; fileRef = 9C18176E209D57B400FBD419 /* Ex_IndexPath.swift */; };
		9C181799209D57B500FBD419 /* Ex_Int.swift in Sources */ = {isa = PBXBuildFile; fileRef = 9C18176F209D57B400FBD419 /* Ex_Int.swift */; };
		9C18179A209D57B500FBD419 /* Ex_String.swift in Sources */ = {isa = PBXBuildFile; fileRef = 9C181770209D57B400FBD419 /* Ex_String.swift */; };
		9C18179B209D57B500FBD419 /* Ex_UIColor.swift in Sources */ = {isa = PBXBuildFile; fileRef = 9C181772209D57B400FBD419 /* Ex_UIColor.swift */; };
		9C18179C209D57B500FBD419 /* Ex_UIDevice.swift in Sources */ = {isa = PBXBuildFile; fileRef = 9C181773209D57B400FBD419 /* Ex_UIDevice.swift */; };
		9C18179D209D57B500FBD419 /* Ex_UILabel.swift in Sources */ = {isa = PBXBuildFile; fileRef = 9C181774209D57B400FBD419 /* Ex_UILabel.swift */; };
		9C18179E209D57B500FBD419 /* Ex_UIScreen.swift in Sources */ = {isa = PBXBuildFile; fileRef = 9C181775209D57B400FBD419 /* Ex_UIScreen.swift */; };
		9C18179F209D57B500FBD419 /* Ex_UIStoryboardSegue.swift in Sources */ = {isa = PBXBuildFile; fileRef = 9C181776209D57B400FBD419 /* Ex_UIStoryboardSegue.swift */; };
		9C1817A0209D57B500FBD419 /* Ex_UITextField.swift in Sources */ = {isa = PBXBuildFile; fileRef = 9C181777209D57B400FBD419 /* Ex_UITextField.swift */; };
		9C1817A1209D57B500FBD419 /* Ex_UITextView.swift in Sources */ = {isa = PBXBuildFile; fileRef = 9C181778209D57B400FBD419 /* Ex_UITextView.swift */; };
		9C1817A2209D57B500FBD419 /* InputTextView.swift in Sources */ = {isa = PBXBuildFile; fileRef = 9C18177B209D57B400FBD419 /* InputTextView.swift */; };
		9C1817A3209D57B500FBD419 /* InputTextView.xib in Resources */ = {isa = PBXBuildFile; fileRef = 9C18177C209D57B400FBD419 /* InputTextView.xib */; };
		9C1817A4209D57B500FBD419 /* InputView.swift in Sources */ = {isa = PBXBuildFile; fileRef = 9C18177D209D57B400FBD419 /* InputView.swift */; };
		9C1817A5209D57B500FBD419 /* InputView.xib in Resources */ = {isa = PBXBuildFile; fileRef = 9C18177E209D57B400FBD419 /* InputView.xib */; };
		9C1817A6209D57B500FBD419 /* VarlenaInput.swift in Sources */ = {isa = PBXBuildFile; fileRef = 9C18177F209D57B400FBD419 /* VarlenaInput.swift */; };
		9C1817A7209D57B500FBD419 /* VarlenaInput.xib in Resources */ = {isa = PBXBuildFile; fileRef = 9C181780209D57B400FBD419 /* VarlenaInput.xib */; };
		9C1817A8209D57B500FBD419 /* iDateSelector.swift in Sources */ = {isa = PBXBuildFile; fileRef = 9C181782209D57B400FBD419 /* iDateSelector.swift */; };
		9C1817A9209D57B500FBD419 /* iSelector.swift in Sources */ = {isa = PBXBuildFile; fileRef = 9C181783209D57B400FBD419 /* iSelector.swift */; };
		9C1817AA209D57B500FBD419 /* iSelector.xib in Resources */ = {isa = PBXBuildFile; fileRef = 9C181784209D57B400FBD419 /* iSelector.xib */; };
		9C1817AB209D57B500FBD419 /* NibLoable.swift in Sources */ = {isa = PBXBuildFile; fileRef = 9C181786209D57B400FBD419 /* NibLoable.swift */; };
		9C1817AC209D57B500FBD419 /* Notifiable.swift in Sources */ = {isa = PBXBuildFile; fileRef = 9C181787209D57B400FBD419 /* Notifiable.swift */; };
		9C1817AD209D57B500FBD419 /* Operator.swift in Sources */ = {isa = PBXBuildFile; fileRef = 9C181788209D57B400FBD419 /* Operator.swift */; };
		9C1817B0209D57CA00FBD419 /* libsqlite3.tbd in Frameworks */ = {isa = PBXBuildFile; fileRef = 9C1817AF209D57CA00FBD419 /* libsqlite3.tbd */; };
		9C1817B6209D58BB00FBD419 /* BaseViewController.swift in Sources */ = {isa = PBXBuildFile; fileRef = 9C1817B5209D58BB00FBD419 /* BaseViewController.swift */; };
		9C1817BD209DACD000FBD419 /* ProgressView.swift in Sources */ = {isa = PBXBuildFile; fileRef = 9C1817BC209DACD000FBD419 /* ProgressView.swift */; };
		9C1817BF209DAD1F00FBD419 /* RoundProgress.swift in Sources */ = {isa = PBXBuildFile; fileRef = 9C1817BE209DAD1F00FBD419 /* RoundProgress.swift */; };
		9C243D8720A0352100D6A32A /* HabitTableController.swift in Sources */ = {isa = PBXBuildFile; fileRef = 9C243D8620A0352100D6A32A /* HabitTableController.swift */; };
		9C243D8920A035B100D6A32A /* HabitTableCell.swift in Sources */ = {isa = PBXBuildFile; fileRef = 9C243D8820A035B100D6A32A /* HabitTableCell.swift */; };
		9C243D8E20A0395100D6A32A /* Habit.swift in Sources */ = {isa = PBXBuildFile; fileRef = 9C243D8B20A0395000D6A32A /* Habit.swift */; };
		9C243D8F20A0395100D6A32A /* Cache.swift in Sources */ = {isa = PBXBuildFile; fileRef = 9C243D8C20A0395100D6A32A /* Cache.swift */; };
		9C243D9020A0395100D6A32A /* Log.swift in Sources */ = {isa = PBXBuildFile; fileRef = 9C243D8D20A0395100D6A32A /* Log.swift */; };
		9C243D9420A03AB700D6A32A /* HabitEditController.swift in Sources */ = {isa = PBXBuildFile; fileRef = 9C243D9320A03AB700D6A32A /* HabitEditController.swift */; };
		9C243D9620A03AC500D6A32A /* TableViewController.swift in Sources */ = {isa = PBXBuildFile; fileRef = 9C243D9520A03AC500D6A32A /* TableViewController.swift */; };
		9C243D9920A042D000D6A32A /* HabitShowController.swift in Sources */ = {isa = PBXBuildFile; fileRef = 9C243D9820A042D000D6A32A /* HabitShowController.swift */; };
		9C243D9C20A043A800D6A32A /* HabitShowCard.swift in Sources */ = {isa = PBXBuildFile; fileRef = 9C243D9B20A043A800D6A32A /* HabitShowCard.swift */; };
		9C243D9E20A043D400D6A32A /* ShowNameCard.swift in Sources */ = {isa = PBXBuildFile; fileRef = 9C243D9D20A043D400D6A32A /* ShowNameCard.swift */; };
		9C243DA020A0461D00D6A32A /* ShowCalendarCard.swift in Sources */ = {isa = PBXBuildFile; fileRef = 9C243D9F20A0461D00D6A32A /* ShowCalendarCard.swift */; };
		9CA5B69520A3351600B0C69E /* LogEditTimeCard.swift in Sources */ = {isa = PBXBuildFile; fileRef = 9CA5B69420A3351600B0C69E /* LogEditTimeCard.swift */; };
		9CA5B69720A33D3D00B0C69E /* LogEditMessageCard.swift in Sources */ = {isa = PBXBuildFile; fileRef = 9CA5B69620A33D3D00B0C69E /* LogEditMessageCard.swift */; };
		9CA5B69920A3480F00B0C69E /* HabitEdit.storyboard in Resources */ = {isa = PBXBuildFile; fileRef = 9CA5B69820A3480F00B0C69E /* HabitEdit.storyboard */; };
		9CA5B69C20A3483600B0C69E /* HabitEditCard.swift in Sources */ = {isa = PBXBuildFile; fileRef = 9CA5B69B20A3483600B0C69E /* HabitEditCard.swift */; };
		9CC4F7EC20A3E23D0086BBCE /* CardViews.xib in Resources */ = {isa = PBXBuildFile; fileRef = 9CC4F7EB20A3E23D0086BBCE /* CardViews.xib */; };
		9CC4F7F020A3E3160086BBCE /* HabitEditNameCard.swift in Sources */ = {isa = PBXBuildFile; fileRef = 9CC4F7EF20A3E3160086BBCE /* HabitEditNameCard.swift */; };
		9CC4F7F220A3F4290086BBCE /* HabitEditMenuCard.swift in Sources */ = {isa = PBXBuildFile; fileRef = 9CC4F7F120A3F4290086BBCE /* HabitEditMenuCard.swift */; };
		9CC4F7F420A3F6D30086BBCE /* HabitEditGoalCard.swift in Sources */ = {isa = PBXBuildFile; fileRef = 9CC4F7F320A3F6D30086BBCE /* HabitEditGoalCard.swift */; };
		9CC4F7F620A3F7DF0086BBCE /* HabitEditMessageCard.swift in Sources */ = {isa = PBXBuildFile; fileRef = 9CC4F7F520A3F7DF0086BBCE /* HabitEditMessageCard.swift */; };
		9CC4F7F820A417450086BBCE /* HabitShow.storyboard in Resources */ = {isa = PBXBuildFile; fileRef = 9CC4F7F720A417450086BBCE /* HabitShow.storyboard */; };
		9CD294A420A2EF13008CC61F /* HabitTable.storyboard in Resources */ = {isa = PBXBuildFile; fileRef = 9CD294A320A2EF13008CC61F /* HabitTable.storyboard */; };
		9CD294A620A2EF5E008CC61F /* TabBar.storyboard in Resources */ = {isa = PBXBuildFile; fileRef = 9CD294A520A2EF5E008CC61F /* TabBar.storyboard */; };
		9CD294A820A2F9EC008CC61F /* LogEdit.storyboard in Resources */ = {isa = PBXBuildFile; fileRef = 9CD294A720A2F9EC008CC61F /* LogEdit.storyboard */; };
		9CD294AA20A2FCF3008CC61F /* LogEditCard.swift in Sources */ = {isa = PBXBuildFile; fileRef = 9CD294A920A2FCF3008CC61F /* LogEditCard.swift */; };
		9CD294AD20A2FD13008CC61F /* LogEditDateCard.swift in Sources */ = {isa = PBXBuildFile; fileRef = 9CD294AC20A2FD13008CC61F /* LogEditDateCard.swift */; };
		9CD294AF20A2FFE7008CC61F /* LogEditTopCard.swift in Sources */ = {isa = PBXBuildFile; fileRef = 9CD294AE20A2FFE7008CC61F /* LogEditTopCard.swift */; };
		9CD29D2A20A1853700DE4340 /* CalendarCell.swift in Sources */ = {isa = PBXBuildFile; fileRef = 9CD29D2620A1853700DE4340 /* CalendarCell.swift */; };
		9CD29D2B20A1853700DE4340 /* CalendarCell.xib in Resources */ = {isa = PBXBuildFile; fileRef = 9CD29D2720A1853700DE4340 /* CalendarCell.xib */; };
		9CD29D2C20A1853700DE4340 /* CalendarView.swift in Sources */ = {isa = PBXBuildFile; fileRef = 9CD29D2820A1853700DE4340 /* CalendarView.swift */; };
		9CD29D2D20A1853700DE4340 /* CalendarView.xib in Resources */ = {isa = PBXBuildFile; fileRef = 9CD29D2920A1853700DE4340 /* CalendarView.xib */; };
		9CD29D3020A18D1200DE4340 /* LogEditController.swift in Sources */ = {isa = PBXBuildFile; fileRef = 9CD29D2F20A18D1200DE4340 /* LogEditController.swift */; };
		9CDB0E6220A4262600476E20 /* LogList.storyboard in Resources */ = {isa = PBXBuildFile; fileRef = 9CDB0E6120A4262600476E20 /* LogList.storyboard */; };
		9CDB0E6520A4425C00476E20 /* EventListController.swift in Sources */ = {isa = PBXBuildFile; fileRef = 9CDB0E6420A4425C00476E20 /* EventListController.swift */; };
		9CDB0E6720A4426300476E20 /* EventList.storyboard in Resources */ = {isa = PBXBuildFile; fileRef = 9CDB0E6620A4426300476E20 /* EventList.storyboard */; };
		9CDB0E6920A4463400476E20 /* EventListCell.swift in Sources */ = {isa = PBXBuildFile; fileRef = 9CDB0E6820A4463400476E20 /* EventListCell.swift */; };
/* End PBXBuildFile section */

/* Begin PBXFileReference section */
		9C0C440720A2863C0076B43F /* LogListController.swift */ = {isa = PBXFileReference; lastKnownFileType = sourcecode.swift; path = LogListController.swift; sourceTree = "<group>"; };
		9C0C440920A2864E0076B43F /* LogListCell.swift */ = {isa = PBXFileReference; lastKnownFileType = sourcecode.swift; path = LogListCell.swift; sourceTree = "<group>"; };
		9C0C441420A297060076B43F /* ShowEventCard.swift */ = {isa = PBXFileReference; lastKnownFileType = sourcecode.swift; path = ShowEventCard.swift; sourceTree = "<group>"; };
		9C0C441620A297C20076B43F /* Event.swift */ = {isa = PBXFileReference; lastKnownFileType = sourcecode.swift; path = Event.swift; sourceTree = "<group>"; };
		9C18173E209D573F00FBD419 /* Daily.app */ = {isa = PBXFileReference; explicitFileType = wrapper.application; includeInIndex = 0; path = Daily.app; sourceTree = BUILT_PRODUCTS_DIR; };
		9C181741209D573F00FBD419 /* AppDelegate.swift */ = {isa = PBXFileReference; lastKnownFileType = sourcecode.swift; path = AppDelegate.swift; sourceTree = "<group>"; };
		9C181743209D573F00FBD419 /* TestController.swift */ = {isa = PBXFileReference; lastKnownFileType = sourcecode.swift; path = TestController.swift; sourceTree = "<group>"; };
		9C181746209D573F00FBD419 /* Base */ = {isa = PBXFileReference; lastKnownFileType = file.storyboard; name = Base; path = Base.lproj/Main.storyboard; sourceTree = "<group>"; };
		9C181749209D573F00FBD419 /* Daily.xcdatamodel */ = {isa = PBXFileReference; lastKnownFileType = wrapper.xcdatamodel; path = Daily.xcdatamodel; sourceTree = "<group>"; };
		9C18174B209D574300FBD419 /* Assets.xcassets */ = {isa = PBXFileReference; lastKnownFileType = folder.assetcatalog; path = Assets.xcassets; sourceTree = "<group>"; };
		9C18174E209D574300FBD419 /* Base */ = {isa = PBXFileReference; lastKnownFileType = file.storyboard; name = Base; path = Base.lproj/LaunchScreen.storyboard; sourceTree = "<group>"; };
		9C181750209D574300FBD419 /* Info.plist */ = {isa = PBXFileReference; lastKnownFileType = text.plist.xml; path = Info.plist; sourceTree = "<group>"; };
		9C181759209D57B400FBD419 /* Animation.swift */ = {isa = PBXFileReference; fileEncoding = 4; lastKnownFileType = sourcecode.swift; path = Animation.swift; sourceTree = "<group>"; };
		9C18175B209D57B400FBD419 /* Button.swift */ = {isa = PBXFileReference; fileEncoding = 4; lastKnownFileType = sourcecode.swift; path = Button.swift; sourceTree = "<group>"; };
		9C18175C209D57B400FBD419 /* ImageView.swift */ = {isa = PBXFileReference; fileEncoding = 4; lastKnownFileType = sourcecode.swift; path = ImageView.swift; sourceTree = "<group>"; };
		9C18175E209D57B400FBD419 /* CardSeparator.swift */ = {isa = PBXFileReference; fileEncoding = 4; lastKnownFileType = sourcecode.swift; path = CardSeparator.swift; sourceTree = "<group>"; };
		9C18175F209D57B400FBD419 /* CardTable.swift */ = {isa = PBXFileReference; fileEncoding = 4; lastKnownFileType = sourcecode.swift; path = CardTable.swift; sourceTree = "<group>"; };
		9C181760209D57B400FBD419 /* CardView.swift */ = {isa = PBXFileReference; fileEncoding = 4; lastKnownFileType = sourcecode.swift; path = CardView.swift; sourceTree = "<group>"; };
		9C181762209D57B400FBD419 /* TableView.swift */ = {isa = PBXFileReference; fileEncoding = 4; lastKnownFileType = sourcecode.swift; path = TableView.swift; sourceTree = "<group>"; };
		9C181763209D57B400FBD419 /* TableViewCell.swift */ = {isa = PBXFileReference; fileEncoding = 4; lastKnownFileType = sourcecode.swift; path = TableViewCell.swift; sourceTree = "<group>"; };
		9C181764209D57B400FBD419 /* View.swift */ = {isa = PBXFileReference; fileEncoding = 4; lastKnownFileType = sourcecode.swift; path = View.swift; sourceTree = "<group>"; };
		9C181765209D57B400FBD419 /* ViewController.swift */ = {isa = PBXFileReference; fileEncoding = 4; lastKnownFileType = sourcecode.swift; path = ViewController.swift; sourceTree = "<group>"; };
		9C181767209D57B400FBD419 /* SQLite.swift */ = {isa = PBXFileReference; fileEncoding = 4; lastKnownFileType = sourcecode.swift; path = SQLite.swift; sourceTree = "<group>"; };
		9C18176A209D57B400FBD419 /* Ex_Array.swift */ = {isa = PBXFileReference; fileEncoding = 4; lastKnownFileType = sourcecode.swift; path = Ex_Array.swift; sourceTree = "<group>"; };
		9C18176B209D57B400FBD419 /* Ex_Calendar.swift */ = {isa = PBXFileReference; fileEncoding = 4; lastKnownFileType = sourcecode.swift; path = Ex_Calendar.swift; sourceTree = "<group>"; };
		9C18176C209D57B400FBD419 /* Ex_Date.swift */ = {isa = PBXFileReference; fileEncoding = 4; lastKnownFileType = sourcecode.swift; path = Ex_Date.swift; sourceTree = "<group>"; };
		9C18176D209D57B400FBD419 /* Ex_DateFormatter.swift */ = {isa = PBXFileReference; fileEncoding = 4; lastKnownFileType = sourcecode.swift; path = Ex_DateFormatter.swift; sourceTree = "<group>"; };
		9C18176E209D57B400FBD419 /* Ex_IndexPath.swift */ = {isa = PBXFileReference; fileEncoding = 4; lastKnownFileType = sourcecode.swift; path = Ex_IndexPath.swift; sourceTree = "<group>"; };
		9C18176F209D57B400FBD419 /* Ex_Int.swift */ = {isa = PBXFileReference; fileEncoding = 4; lastKnownFileType = sourcecode.swift; path = Ex_Int.swift; sourceTree = "<group>"; };
		9C181770209D57B400FBD419 /* Ex_String.swift */ = {isa = PBXFileReference; fileEncoding = 4; lastKnownFileType = sourcecode.swift; path = Ex_String.swift; sourceTree = "<group>"; };
		9C181772209D57B400FBD419 /* Ex_UIColor.swift */ = {isa = PBXFileReference; fileEncoding = 4; lastKnownFileType = sourcecode.swift; path = Ex_UIColor.swift; sourceTree = "<group>"; };
		9C181773209D57B400FBD419 /* Ex_UIDevice.swift */ = {isa = PBXFileReference; fileEncoding = 4; lastKnownFileType = sourcecode.swift; path = Ex_UIDevice.swift; sourceTree = "<group>"; };
		9C181774209D57B400FBD419 /* Ex_UILabel.swift */ = {isa = PBXFileReference; fileEncoding = 4; lastKnownFileType = sourcecode.swift; path = Ex_UILabel.swift; sourceTree = "<group>"; };
		9C181775209D57B400FBD419 /* Ex_UIScreen.swift */ = {isa = PBXFileReference; fileEncoding = 4; lastKnownFileType = sourcecode.swift; path = Ex_UIScreen.swift; sourceTree = "<group>"; };
		9C181776209D57B400FBD419 /* Ex_UIStoryboardSegue.swift */ = {isa = PBXFileReference; fileEncoding = 4; lastKnownFileType = sourcecode.swift; path = Ex_UIStoryboardSegue.swift; sourceTree = "<group>"; };
		9C181777209D57B400FBD419 /* Ex_UITextField.swift */ = {isa = PBXFileReference; fileEncoding = 4; lastKnownFileType = sourcecode.swift; path = Ex_UITextField.swift; sourceTree = "<group>"; };
		9C181778209D57B400FBD419 /* Ex_UITextView.swift */ = {isa = PBXFileReference; fileEncoding = 4; lastKnownFileType = sourcecode.swift; path = Ex_UITextView.swift; sourceTree = "<group>"; };
		9C18177B209D57B400FBD419 /* InputTextView.swift */ = {isa = PBXFileReference; fileEncoding = 4; lastKnownFileType = sourcecode.swift; path = InputTextView.swift; sourceTree = "<group>"; };
		9C18177C209D57B400FBD419 /* InputTextView.xib */ = {isa = PBXFileReference; fileEncoding = 4; lastKnownFileType = file.xib; path = InputTextView.xib; sourceTree = "<group>"; };
		9C18177D209D57B400FBD419 /* InputView.swift */ = {isa = PBXFileReference; fileEncoding = 4; lastKnownFileType = sourcecode.swift; path = InputView.swift; sourceTree = "<group>"; };
		9C18177E209D57B400FBD419 /* InputView.xib */ = {isa = PBXFileReference; fileEncoding = 4; lastKnownFileType = file.xib; path = InputView.xib; sourceTree = "<group>"; };
		9C18177F209D57B400FBD419 /* VarlenaInput.swift */ = {isa = PBXFileReference; fileEncoding = 4; lastKnownFileType = sourcecode.swift; path = VarlenaInput.swift; sourceTree = "<group>"; };
		9C181780209D57B400FBD419 /* VarlenaInput.xib */ = {isa = PBXFileReference; fileEncoding = 4; lastKnownFileType = file.xib; path = VarlenaInput.xib; sourceTree = "<group>"; };
		9C181782209D57B400FBD419 /* iDateSelector.swift */ = {isa = PBXFileReference; fileEncoding = 4; lastKnownFileType = sourcecode.swift; path = iDateSelector.swift; sourceTree = "<group>"; };
		9C181783209D57B400FBD419 /* iSelector.swift */ = {isa = PBXFileReference; fileEncoding = 4; lastKnownFileType = sourcecode.swift; path = iSelector.swift; sourceTree = "<group>"; };
		9C181784209D57B400FBD419 /* iSelector.xib */ = {isa = PBXFileReference; fileEncoding = 4; lastKnownFileType = file.xib; path = iSelector.xib; sourceTree = "<group>"; };
		9C181786209D57B400FBD419 /* NibLoable.swift */ = {isa = PBXFileReference; fileEncoding = 4; lastKnownFileType = sourcecode.swift; path = NibLoable.swift; sourceTree = "<group>"; };
		9C181787209D57B400FBD419 /* Notifiable.swift */ = {isa = PBXFileReference; fileEncoding = 4; lastKnownFileType = sourcecode.swift; path = Notifiable.swift; sourceTree = "<group>"; };
		9C181788209D57B400FBD419 /* Operator.swift */ = {isa = PBXFileReference; fileEncoding = 4; lastKnownFileType = sourcecode.swift; path = Operator.swift; sourceTree = "<group>"; };
		9C1817AF209D57CA00FBD419 /* libsqlite3.tbd */ = {isa = PBXFileReference; lastKnownFileType = "sourcecode.text-based-dylib-definition"; name = libsqlite3.tbd; path = usr/lib/libsqlite3.tbd; sourceTree = SDKROOT; };
		9C1817B5209D58BB00FBD419 /* BaseViewController.swift */ = {isa = PBXFileReference; lastKnownFileType = sourcecode.swift; path = BaseViewController.swift; sourceTree = "<group>"; };
		9C1817BC209DACD000FBD419 /* ProgressView.swift */ = {isa = PBXFileReference; lastKnownFileType = sourcecode.swift; path = ProgressView.swift; sourceTree = "<group>"; };
		9C1817BE209DAD1F00FBD419 /* RoundProgress.swift */ = {isa = PBXFileReference; lastKnownFileType = sourcecode.swift; path = RoundProgress.swift; sourceTree = "<group>"; };
		9C243D8620A0352100D6A32A /* HabitTableController.swift */ = {isa = PBXFileReference; lastKnownFileType = sourcecode.swift; path = HabitTableController.swift; sourceTree = "<group>"; };
		9C243D8820A035B100D6A32A /* HabitTableCell.swift */ = {isa = PBXFileReference; lastKnownFileType = sourcecode.swift; path = HabitTableCell.swift; sourceTree = "<group>"; };
		9C243D8B20A0395000D6A32A /* Habit.swift */ = {isa = PBXFileReference; fileEncoding = 4; lastKnownFileType = sourcecode.swift; path = Habit.swift; sourceTree = "<group>"; };
		9C243D8C20A0395100D6A32A /* Cache.swift */ = {isa = PBXFileReference; fileEncoding = 4; lastKnownFileType = sourcecode.swift; path = Cache.swift; sourceTree = "<group>"; };
		9C243D8D20A0395100D6A32A /* Log.swift */ = {isa = PBXFileReference; fileEncoding = 4; lastKnownFileType = sourcecode.swift; path = Log.swift; sourceTree = "<group>"; };
		9C243D9320A03AB700D6A32A /* HabitEditController.swift */ = {isa = PBXFileReference; lastKnownFileType = sourcecode.swift; path = HabitEditController.swift; sourceTree = "<group>"; };
		9C243D9520A03AC500D6A32A /* TableViewController.swift */ = {isa = PBXFileReference; lastKnownFileType = sourcecode.swift; path = TableViewController.swift; sourceTree = "<group>"; };
		9C243D9820A042D000D6A32A /* HabitShowController.swift */ = {isa = PBXFileReference; lastKnownFileType = sourcecode.swift; path = HabitShowController.swift; sourceTree = "<group>"; };
		9C243D9B20A043A800D6A32A /* HabitShowCard.swift */ = {isa = PBXFileReference; lastKnownFileType = sourcecode.swift; path = HabitShowCard.swift; sourceTree = "<group>"; };
		9C243D9D20A043D400D6A32A /* ShowNameCard.swift */ = {isa = PBXFileReference; lastKnownFileType = sourcecode.swift; path = ShowNameCard.swift; sourceTree = "<group>"; };
		9C243D9F20A0461D00D6A32A /* ShowCalendarCard.swift */ = {isa = PBXFileReference; lastKnownFileType = sourcecode.swift; path = ShowCalendarCard.swift; sourceTree = "<group>"; };
		9CA5B69420A3351600B0C69E /* LogEditTimeCard.swift */ = {isa = PBXFileReference; lastKnownFileType = sourcecode.swift; path = LogEditTimeCard.swift; sourceTree = "<group>"; };
		9CA5B69620A33D3D00B0C69E /* LogEditMessageCard.swift */ = {isa = PBXFileReference; lastKnownFileType = sourcecode.swift; path = LogEditMessageCard.swift; sourceTree = "<group>"; };
		9CA5B69820A3480F00B0C69E /* HabitEdit.storyboard */ = {isa = PBXFileReference; lastKnownFileType = file.storyboard; path = HabitEdit.storyboard; sourceTree = "<group>"; };
		9CA5B69B20A3483600B0C69E /* HabitEditCard.swift */ = {isa = PBXFileReference; lastKnownFileType = sourcecode.swift; path = HabitEditCard.swift; sourceTree = "<group>"; };
		9CC4F7EB20A3E23D0086BBCE /* CardViews.xib */ = {isa = PBXFileReference; lastKnownFileType = file.xib; path = CardViews.xib; sourceTree = "<group>"; };
		9CC4F7EF20A3E3160086BBCE /* HabitEditNameCard.swift */ = {isa = PBXFileReference; lastKnownFileType = sourcecode.swift; path = HabitEditNameCard.swift; sourceTree = "<group>"; };
		9CC4F7F120A3F4290086BBCE /* HabitEditMenuCard.swift */ = {isa = PBXFileReference; lastKnownFileType = sourcecode.swift; path = HabitEditMenuCard.swift; sourceTree = "<group>"; };
		9CC4F7F320A3F6D30086BBCE /* HabitEditGoalCard.swift */ = {isa = PBXFileReference; lastKnownFileType = sourcecode.swift; path = HabitEditGoalCard.swift; sourceTree = "<group>"; };
		9CC4F7F520A3F7DF0086BBCE /* HabitEditMessageCard.swift */ = {isa = PBXFileReference; lastKnownFileType = sourcecode.swift; path = HabitEditMessageCard.swift; sourceTree = "<group>"; };
		9CC4F7F720A417450086BBCE /* HabitShow.storyboard */ = {isa = PBXFileReference; lastKnownFileType = file.storyboard; path = HabitShow.storyboard; sourceTree = "<group>"; };
		9CD294A320A2EF13008CC61F /* HabitTable.storyboard */ = {isa = PBXFileReference; lastKnownFileType = file.storyboard; path = HabitTable.storyboard; sourceTree = "<group>"; };
		9CD294A520A2EF5E008CC61F /* TabBar.storyboard */ = {isa = PBXFileReference; lastKnownFileType = file.storyboard; path = TabBar.storyboard; sourceTree = "<group>"; };
		9CD294A720A2F9EC008CC61F /* LogEdit.storyboard */ = {isa = PBXFileReference; lastKnownFileType = file.storyboard; path = LogEdit.storyboard; sourceTree = "<group>"; };
		9CD294A920A2FCF3008CC61F /* LogEditCard.swift */ = {isa = PBXFileReference; lastKnownFileType = sourcecode.swift; path = LogEditCard.swift; sourceTree = "<group>"; };
		9CD294AC20A2FD13008CC61F /* LogEditDateCard.swift */ = {isa = PBXFileReference; lastKnownFileType = sourcecode.swift; path = LogEditDateCard.swift; sourceTree = "<group>"; };
		9CD294AE20A2FFE7008CC61F /* LogEditTopCard.swift */ = {isa = PBXFileReference; lastKnownFileType = sourcecode.swift; path = LogEditTopCard.swift; sourceTree = "<group>"; };
		9CD29D2620A1853700DE4340 /* CalendarCell.swift */ = {isa = PBXFileReference; fileEncoding = 4; lastKnownFileType = sourcecode.swift; path = CalendarCell.swift; sourceTree = "<group>"; };
		9CD29D2720A1853700DE4340 /* CalendarCell.xib */ = {isa = PBXFileReference; fileEncoding = 4; lastKnownFileType = file.xib; path = CalendarCell.xib; sourceTree = "<group>"; };
		9CD29D2820A1853700DE4340 /* CalendarView.swift */ = {isa = PBXFileReference; fileEncoding = 4; lastKnownFileType = sourcecode.swift; path = CalendarView.swift; sourceTree = "<group>"; };
		9CD29D2920A1853700DE4340 /* CalendarView.xib */ = {isa = PBXFileReference; fileEncoding = 4; lastKnownFileType = file.xib; path = CalendarView.xib; sourceTree = "<group>"; };
		9CD29D2F20A18D1200DE4340 /* LogEditController.swift */ = {isa = PBXFileReference; lastKnownFileType = sourcecode.swift; path = LogEditController.swift; sourceTree = "<group>"; };
		9CDB0E6120A4262600476E20 /* LogList.storyboard */ = {isa = PBXFileReference; lastKnownFileType = file.storyboard; path = LogList.storyboard; sourceTree = "<group>"; };
		9CDB0E6420A4425C00476E20 /* EventListController.swift */ = {isa = PBXFileReference; lastKnownFileType = sourcecode.swift; path = EventListController.swift; sourceTree = "<group>"; };
		9CDB0E6620A4426300476E20 /* EventList.storyboard */ = {isa = PBXFileReference; lastKnownFileType = file.storyboard; path = EventList.storyboard; sourceTree = "<group>"; };
		9CDB0E6820A4463400476E20 /* EventListCell.swift */ = {isa = PBXFileReference; lastKnownFileType = sourcecode.swift; path = EventListCell.swift; sourceTree = "<group>"; };
/* End PBXFileReference section */

/* Begin PBXFrameworksBuildPhase section */
		9C18173B209D573F00FBD419 /* Frameworks */ = {
			isa = PBXFrameworksBuildPhase;
			buildActionMask = 2147483647;
			files = (
				9C1817B0209D57CA00FBD419 /* libsqlite3.tbd in Frameworks */,
			);
			runOnlyForDeploymentPostprocessing = 0;
		};
/* End PBXFrameworksBuildPhase section */

/* Begin PBXGroup section */
		9C0C440620A286290076B43F /* LogList */ = {
			isa = PBXGroup;
			children = (
				9CDB0E6120A4262600476E20 /* LogList.storyboard */,
				9C0C440720A2863C0076B43F /* LogListController.swift */,
				9C0C440920A2864E0076B43F /* LogListCell.swift */,
			);
			path = LogList;
			sourceTree = "<group>";
		};
		9C181735209D573E00FBD419 = {
			isa = PBXGroup;
			children = (
				9C181740209D573F00FBD419 /* Daily */,
				9C18173F209D573F00FBD419 /* Products */,
				9C1817AE209D57CA00FBD419 /* Frameworks */,
			);
			sourceTree = "<group>";
		};
		9C18173F209D573F00FBD419 /* Products */ = {
			isa = PBXGroup;
			children = (
				9C18173E209D573F00FBD419 /* Daily.app */,
			);
			name = Products;
			sourceTree = "<group>";
		};
		9C181740209D573F00FBD419 /* Daily */ = {
			isa = PBXGroup;
			children = (
				9C243D8A20A0393200D6A32A /* Model */,
				9C1817B1209D57F800FBD419 /* Interface */,
				9C181756209D575F00FBD419 /* Resources */,
				9C181757209D57B400FBD419 /* Codebase */,
			);
			path = Daily;
			sourceTree = "<group>";
		};
		9C181756209D575F00FBD419 /* Resources */ = {
			isa = PBXGroup;
			children = (
				9C181741209D573F00FBD419 /* AppDelegate.swift */,
				9C181743209D573F00FBD419 /* TestController.swift */,
				9C1817B5209D58BB00FBD419 /* BaseViewController.swift */,
				9C181745209D573F00FBD419 /* Main.storyboard */,
				9CD294A520A2EF5E008CC61F /* TabBar.storyboard */,
				9C18174B209D574300FBD419 /* Assets.xcassets */,
				9C18174D209D574300FBD419 /* LaunchScreen.storyboard */,
				9C181750209D574300FBD419 /* Info.plist */,
				9C181748209D573F00FBD419 /* Daily.xcdatamodeld */,
			);
			path = Resources;
			sourceTree = "<group>";
		};
		9C181757209D57B400FBD419 /* Codebase */ = {
			isa = PBXGroup;
			children = (
				9C181758209D57B400FBD419 /* Animation */,
				9C18175A209D57B400FBD419 /* BaseObjects */,
				9C181766209D57B400FBD419 /* Database */,
				9C181768209D57B400FBD419 /* Extensions */,
				9C181779209D57B400FBD419 /* Interface */,
				9C181785209D57B400FBD419 /* Protocols */,
			);
			name = Codebase;
			path = ../../../../Codebase/Codebase;
			sourceTree = "<group>";
		};
		9C181758209D57B400FBD419 /* Animation */ = {
			isa = PBXGroup;
			children = (
				9C181759209D57B400FBD419 /* Animation.swift */,
			);
			path = Animation;
			sourceTree = "<group>";
		};
		9C18175A209D57B400FBD419 /* BaseObjects */ = {
			isa = PBXGroup;
			children = (
				9C18175B209D57B400FBD419 /* Button.swift */,
				9C18175C209D57B400FBD419 /* ImageView.swift */,
				9C18175D209D57B400FBD419 /* ScrollView */,
				9C181761209D57B400FBD419 /* TableView */,
				9C181764209D57B400FBD419 /* View.swift */,
				9C181765209D57B400FBD419 /* ViewController.swift */,
				9C243D9520A03AC500D6A32A /* TableViewController.swift */,
			);
			path = BaseObjects;
			sourceTree = "<group>";
		};
		9C18175D209D57B400FBD419 /* ScrollView */ = {
			isa = PBXGroup;
			children = (
				9C18175E209D57B400FBD419 /* CardSeparator.swift */,
				9C18175F209D57B400FBD419 /* CardTable.swift */,
				9C181760209D57B400FBD419 /* CardView.swift */,
				9CC4F7EB20A3E23D0086BBCE /* CardViews.xib */,
			);
			path = ScrollView;
			sourceTree = "<group>";
		};
		9C181761209D57B400FBD419 /* TableView */ = {
			isa = PBXGroup;
			children = (
				9C181762209D57B400FBD419 /* TableView.swift */,
				9C181763209D57B400FBD419 /* TableViewCell.swift */,
			);
			path = TableView;
			sourceTree = "<group>";
		};
		9C181766209D57B400FBD419 /* Database */ = {
			isa = PBXGroup;
			children = (
				9C181767209D57B400FBD419 /* SQLite.swift */,
			);
			path = Database;
			sourceTree = "<group>";
		};
		9C181768209D57B400FBD419 /* Extensions */ = {
			isa = PBXGroup;
			children = (
				9C181769209D57B400FBD419 /* Foundation */,
				9C181771209D57B400FBD419 /* UIKit */,
			);
			path = Extensions;
			sourceTree = "<group>";
		};
		9C181769209D57B400FBD419 /* Foundation */ = {
			isa = PBXGroup;
			children = (
				9C18176A209D57B400FBD419 /* Ex_Array.swift */,
				9C18176B209D57B400FBD419 /* Ex_Calendar.swift */,
				9C18176C209D57B400FBD419 /* Ex_Date.swift */,
				9C18176D209D57B400FBD419 /* Ex_DateFormatter.swift */,
				9C18176E209D57B400FBD419 /* Ex_IndexPath.swift */,
				9C18176F209D57B400FBD419 /* Ex_Int.swift */,
				9C181770209D57B400FBD419 /* Ex_String.swift */,
			);
			path = Foundation;
			sourceTree = "<group>";
		};
		9C181771209D57B400FBD419 /* UIKit */ = {
			isa = PBXGroup;
			children = (
				9C181772209D57B400FBD419 /* Ex_UIColor.swift */,
				9C181773209D57B400FBD419 /* Ex_UIDevice.swift */,
				9C181774209D57B400FBD419 /* Ex_UILabel.swift */,
				9C181775209D57B400FBD419 /* Ex_UIScreen.swift */,
				9C181776209D57B400FBD419 /* Ex_UIStoryboardSegue.swift */,
				9C181777209D57B400FBD419 /* Ex_UITextField.swift */,
				9C181778209D57B400FBD419 /* Ex_UITextView.swift */,
			);
			path = UIKit;
			sourceTree = "<group>";
		};
		9C181779209D57B400FBD419 /* Interface */ = {
			isa = PBXGroup;
			children = (
				9CD29D2520A1853700DE4340 /* Calender */,
				9C1817BB209DACBC00FBD419 /* Progress */,
				9C18177A209D57B400FBD419 /* Input */,
				9C181781209D57B400FBD419 /* Selector */,
			);
			path = Interface;
			sourceTree = "<group>";
		};
		9C18177A209D57B400FBD419 /* Input */ = {
			isa = PBXGroup;
			children = (
				9C18177B209D57B400FBD419 /* InputTextView.swift */,
				9C18177C209D57B400FBD419 /* InputTextView.xib */,
				9C18177D209D57B400FBD419 /* InputView.swift */,
				9C18177E209D57B400FBD419 /* InputView.xib */,
				9C18177F209D57B400FBD419 /* VarlenaInput.swift */,
				9C181780209D57B400FBD419 /* VarlenaInput.xib */,
			);
			path = Input;
			sourceTree = "<group>";
		};
		9C181781209D57B400FBD419 /* Selector */ = {
			isa = PBXGroup;
			children = (
				9C181782209D57B400FBD419 /* iDateSelector.swift */,
				9C181783209D57B400FBD419 /* iSelector.swift */,
				9C181784209D57B400FBD419 /* iSelector.xib */,
			);
			path = Selector;
			sourceTree = "<group>";
		};
		9C181785209D57B400FBD419 /* Protocols */ = {
			isa = PBXGroup;
			children = (
				9C181786209D57B400FBD419 /* NibLoable.swift */,
				9C181787209D57B400FBD419 /* Notifiable.swift */,
				9C181788209D57B400FBD419 /* Operator.swift */,
			);
			path = Protocols;
			sourceTree = "<group>";
		};
		9C1817AE209D57CA00FBD419 /* Frameworks */ = {
			isa = PBXGroup;
			children = (
				9C1817AF209D57CA00FBD419 /* libsqlite3.tbd */,
			);
			name = Frameworks;
			sourceTree = "<group>";
		};
		9C1817B1209D57F800FBD419 /* Interface */ = {
			isa = PBXGroup;
			children = (
				9CDB0E6320A441E500476E20 /* EventList */,
				9C243DA120A047C700D6A32A /* Views */,
				9C0C440620A286290076B43F /* LogList */,
				9CD29D2E20A18CE900DE4340 /* LogEdit */,
				9C243D9720A042B700D6A32A /* HabitShow */,
				9C243D9220A03A9700D6A32A /* HabitEdit */,
				9C243D9120A03A9100D6A32A /* HabitTable */,
			);
			path = Interface;
			sourceTree = "<group>";
		};
		9C1817BB209DACBC00FBD419 /* Progress */ = {
			isa = PBXGroup;
			children = (
				9C1817BC209DACD000FBD419 /* ProgressView.swift */,
				9C1817BE209DAD1F00FBD419 /* RoundProgress.swift */,
			);
			path = Progress;
			sourceTree = "<group>";
		};
		9C243D8A20A0393200D6A32A /* Model */ = {
			isa = PBXGroup;
			children = (
				9C243D8C20A0395100D6A32A /* Cache.swift */,
				9C243D8B20A0395000D6A32A /* Habit.swift */,
				9C243D8D20A0395100D6A32A /* Log.swift */,
				9C0C441620A297C20076B43F /* Event.swift */,
			);
			path = Model;
			sourceTree = "<group>";
		};
		9C243D9120A03A9100D6A32A /* HabitTable */ = {
			isa = PBXGroup;
			children = (
				9CD294A320A2EF13008CC61F /* HabitTable.storyboard */,
				9C243D8620A0352100D6A32A /* HabitTableController.swift */,
				9C243D8820A035B100D6A32A /* HabitTableCell.swift */,
			);
			path = HabitTable;
			sourceTree = "<group>";
		};
		9C243D9220A03A9700D6A32A /* HabitEdit */ = {
			isa = PBXGroup;
			children = (
				9CA5B69820A3480F00B0C69E /* HabitEdit.storyboard */,
				9C243D9320A03AB700D6A32A /* HabitEditController.swift */,
				9CA5B69A20A3482100B0C69E /* Cards */,
			);
			path = HabitEdit;
			sourceTree = "<group>";
		};
		9C243D9720A042B700D6A32A /* HabitShow */ = {
			isa = PBXGroup;
			children = (
				9CC4F7F720A417450086BBCE /* HabitShow.storyboard */,
				9C243D9820A042D000D6A32A /* HabitShowController.swift */,
				9C243D9B20A043A800D6A32A /* HabitShowCard.swift */,
				9C243D9A20A0435400D6A32A /* Cards */,
			);
			path = HabitShow;
			sourceTree = "<group>";
		};
		9C243D9A20A0435400D6A32A /* Cards */ = {
			isa = PBXGroup;
			children = (
				9C243D9D20A043D400D6A32A /* ShowNameCard.swift */,
				9C243D9F20A0461D00D6A32A /* ShowCalendarCard.swift */,
				9C0C441420A297060076B43F /* ShowEventCard.swift */,
			);
			path = Cards;
			sourceTree = "<group>";
		};
		9C243DA120A047C700D6A32A /* Views */ = {
			isa = PBXGroup;
			children = (
			);
			path = Views;
			sourceTree = "<group>";
		};
		9CA5B69A20A3482100B0C69E /* Cards */ = {
			isa = PBXGroup;
			children = (
				9CA5B69B20A3483600B0C69E /* HabitEditCard.swift */,
				9CC4F7EF20A3E3160086BBCE /* HabitEditNameCard.swift */,
				9CC4F7F320A3F6D30086BBCE /* HabitEditGoalCard.swift */,
				9CC4F7F520A3F7DF0086BBCE /* HabitEditMessageCard.swift */,
				9CC4F7F120A3F4290086BBCE /* HabitEditMenuCard.swift */,
			);
			path = Cards;
			sourceTree = "<group>";
		};
		9CD294AB20A2FCF6008CC61F /* Cards */ = {
			isa = PBXGroup;
			children = (
				9CD294A920A2FCF3008CC61F /* LogEditCard.swift */,
				9CD294AE20A2FFE7008CC61F /* LogEditTopCard.swift */,
				9CD294AC20A2FD13008CC61F /* LogEditDateCard.swift */,
				9CA5B69420A3351600B0C69E /* LogEditTimeCard.swift */,
				9CA5B69620A33D3D00B0C69E /* LogEditMessageCard.swift */,
			);
			path = Cards;
			sourceTree = "<group>";
		};
		9CD29D2520A1853700DE4340 /* Calender */ = {
			isa = PBXGroup;
			children = (
				9CD29D2620A1853700DE4340 /* CalendarCell.swift */,
				9CD29D2720A1853700DE4340 /* CalendarCell.xib */,
				9CD29D2820A1853700DE4340 /* CalendarView.swift */,
				9CD29D2920A1853700DE4340 /* CalendarView.xib */,
			);
			path = Calender;
			sourceTree = "<group>";
		};
		9CD29D2E20A18CE900DE4340 /* LogEdit */ = {
			isa = PBXGroup;
			children = (
				9CD29D2F20A18D1200DE4340 /* LogEditController.swift */,
				9CD294A720A2F9EC008CC61F /* LogEdit.storyboard */,
				9CD294AB20A2FCF6008CC61F /* Cards */,
			);
			path = LogEdit;
			sourceTree = "<group>";
		};
		9CDB0E6320A441E500476E20 /* EventList */ = {
			isa = PBXGroup;
			children = (
				9CDB0E6620A4426300476E20 /* EventList.storyboard */,
				9CDB0E6420A4425C00476E20 /* EventListController.swift */,
				9CDB0E6820A4463400476E20 /* EventListCell.swift */,
			);
			path = EventList;
			sourceTree = "<group>";
		};
/* End PBXGroup section */

/* Begin PBXNativeTarget section */
		9C18173D209D573F00FBD419 /* Daily */ = {
			isa = PBXNativeTarget;
			buildConfigurationList = 9C181753209D574300FBD419 /* Build configuration list for PBXNativeTarget "Daily" */;
			buildPhases = (
				9C18173A209D573F00FBD419 /* Sources */,
				9C18173B209D573F00FBD419 /* Frameworks */,
				9C18173C209D573F00FBD419 /* Resources */,
			);
			buildRules = (
			);
			dependencies = (
			);
			name = Daily;
			productName = Daily;
			productReference = 9C18173E209D573F00FBD419 /* Daily.app */;
			productType = "com.apple.product-type.application";
		};
/* End PBXNativeTarget section */

/* Begin PBXProject section */
		9C181736209D573E00FBD419 /* Project object */ = {
			isa = PBXProject;
			attributes = {
				LastSwiftUpdateCheck = 0930;
				LastUpgradeCheck = 0930;
				ORGANIZATIONNAME = Myron;
				TargetAttributes = {
					9C18173D209D573F00FBD419 = {
						CreatedOnToolsVersion = 9.3;
					};
				};
			};
			buildConfigurationList = 9C181739209D573E00FBD419 /* Build configuration list for PBXProject "Daily" */;
			compatibilityVersion = "Xcode 9.3";
			developmentRegion = en;
			hasScannedForEncodings = 0;
			knownRegions = (
				en,
				Base,
			);
			mainGroup = 9C181735209D573E00FBD419;
			productRefGroup = 9C18173F209D573F00FBD419 /* Products */;
			projectDirPath = "";
			projectRoot = "";
			targets = (
				9C18173D209D573F00FBD419 /* Daily */,
			);
		};
/* End PBXProject section */

/* Begin PBXResourcesBuildPhase section */
		9C18173C209D573F00FBD419 /* Resources */ = {
			isa = PBXResourcesBuildPhase;
			buildActionMask = 2147483647;
			files = (
				9C1817A7209D57B500FBD419 /* VarlenaInput.xib in Resources */,
				9CD294A620A2EF5E008CC61F /* TabBar.storyboard in Resources */,
				9C18174F209D574300FBD419 /* LaunchScreen.storyboard in Resources */,
				9CA5B69920A3480F00B0C69E /* HabitEdit.storyboard in Resources */,
				9C18174C209D574300FBD419 /* Assets.xcassets in Resources */,
				9CD29D2D20A1853700DE4340 /* CalendarView.xib in Resources */,
				9CD29D2B20A1853700DE4340 /* CalendarCell.xib in Resources */,
				9CDB0E6220A4262600476E20 /* LogList.storyboard in Resources */,
				9C1817A3209D57B500FBD419 /* InputTextView.xib in Resources */,
				9CD294A420A2EF13008CC61F /* HabitTable.storyboard in Resources */,
				9C1817AA209D57B500FBD419 /* iSelector.xib in Resources */,
				9CC4F7EC20A3E23D0086BBCE /* CardViews.xib in Resources */,
				9CDB0E6720A4426300476E20 /* EventList.storyboard in Resources */,
				9CC4F7F820A417450086BBCE /* HabitShow.storyboard in Resources */,
				9CD294A820A2F9EC008CC61F /* LogEdit.storyboard in Resources */,
				9C181747209D573F00FBD419 /* Main.storyboard in Resources */,
				9C1817A5209D57B500FBD419 /* InputView.xib in Resources */,
			);
			runOnlyForDeploymentPostprocessing = 0;
		};
/* End PBXResourcesBuildPhase section */

/* Begin PBXSourcesBuildPhase section */
		9C18173A209D573F00FBD419 /* Sources */ = {
			isa = PBXSourcesBuildPhase;
			buildActionMask = 2147483647;
			files = (
				9C18178B209D57B500FBD419 /* ImageView.swift in Sources */,
				9CD29D2A20A1853700DE4340 /* CalendarCell.swift in Sources */,
				9CA5B69C20A3483600B0C69E /* HabitEditCard.swift in Sources */,
				9CA5B69720A33D3D00B0C69E /* LogEditMessageCard.swift in Sources */,
				9CD294AA20A2FCF3008CC61F /* LogEditCard.swift in Sources */,
				9C181793209D57B500FBD419 /* SQLite.swift in Sources */,
				9CD294AD20A2FD13008CC61F /* LogEditDateCard.swift in Sources */,
				9C243D9020A0395100D6A32A /* Log.swift in Sources */,
				9C181795209D57B500FBD419 /* Ex_Calendar.swift in Sources */,
				9C18178F209D57B500FBD419 /* TableView.swift in Sources */,
				9CDB0E6920A4463400476E20 /* EventListCell.swift in Sources */,
				9CD29D2C20A1853700DE4340 /* CalendarView.swift in Sources */,
				9CA5B69520A3351600B0C69E /* LogEditTimeCard.swift in Sources */,
				9C1817AC209D57B500FBD419 /* Notifiable.swift in Sources */,
				9C181796209D57B500FBD419 /* Ex_Date.swift in Sources */,
				9C1817BD209DACD000FBD419 /* ProgressView.swift in Sources */,
				9C18179A209D57B500FBD419 /* Ex_String.swift in Sources */,
				9C0C441520A297060076B43F /* ShowEventCard.swift in Sources */,
				9C18178E209D57B500FBD419 /* CardView.swift in Sources */,
				9C181799209D57B500FBD419 /* Ex_Int.swift in Sources */,
				9CC4F7F420A3F6D30086BBCE /* HabitEditGoalCard.swift in Sources */,
				9C243D8F20A0395100D6A32A /* Cache.swift in Sources */,
				9CD29D3020A18D1200DE4340 /* LogEditController.swift in Sources */,
				9C18179B209D57B500FBD419 /* Ex_UIColor.swift in Sources */,
				9C18178A209D57B500FBD419 /* Button.swift in Sources */,
				9C243D8920A035B100D6A32A /* HabitTableCell.swift in Sources */,
				9C18178C209D57B500FBD419 /* CardSeparator.swift in Sources */,
				9C243D9420A03AB700D6A32A /* HabitEditController.swift in Sources */,
				9C243D9C20A043A800D6A32A /* HabitShowCard.swift in Sources */,
				9CC4F7F620A3F7DF0086BBCE /* HabitEditMessageCard.swift in Sources */,
				9CD294AF20A2FFE7008CC61F /* LogEditTopCard.swift in Sources */,
				9C181744209D573F00FBD419 /* TestController.swift in Sources */,
				9CC4F7F020A3E3160086BBCE /* HabitEditNameCard.swift in Sources */,
				9C1817BF209DAD1F00FBD419 /* RoundProgress.swift in Sources */,
				9C18179C209D57B500FBD419 /* Ex_UIDevice.swift in Sources */,
				9C0C441720A297C20076B43F /* Event.swift in Sources */,
				9C181790209D57B500FBD419 /* TableViewCell.swift in Sources */,
				9C243DA020A0461D00D6A32A /* ShowCalendarCard.swift in Sources */,
				9C0C440A20A2864E0076B43F /* LogListCell.swift in Sources */,
				9C1817A9209D57B500FBD419 /* iSelector.swift in Sources */,
				9C18178D209D57B500FBD419 /* CardTable.swift in Sources */,
				9C243D9620A03AC500D6A32A /* TableViewController.swift in Sources */,
				9C18179F209D57B500FBD419 /* Ex_UIStoryboardSegue.swift in Sources */,
				9C1817A1209D57B500FBD419 /* Ex_UITextView.swift in Sources */,
				9C1817A0209D57B500FBD419 /* Ex_UITextField.swift in Sources */,
				9C181792209D57B500FBD419 /* ViewController.swift in Sources */,
				9C243D8E20A0395100D6A32A /* Habit.swift in Sources */,
				9C1817A6209D57B500FBD419 /* VarlenaInput.swift in Sources */,
				9C181791209D57B500FBD419 /* View.swift in Sources */,
				9C243D8720A0352100D6A32A /* HabitTableController.swift in Sources */,
				9C1817B6209D58BB00FBD419 /* BaseViewController.swift in Sources */,
				9C18174A209D573F00FBD419 /* Daily.xcdatamodeld in Sources */,
				9C1817A8209D57B500FBD419 /* iDateSelector.swift in Sources */,
				9C1817AD209D57B500FBD419 /* Operator.swift in Sources */,
				9C243D9E20A043D400D6A32A /* ShowNameCard.swift in Sources */,
				9CC4F7F220A3F4290086BBCE /* HabitEditMenuCard.swift in Sources */,
				9C181789209D57B500FBD419 /* Animation.swift in Sources */,
				9C181797209D57B500FBD419 /* Ex_DateFormatter.swift in Sources */,
				9C1817A2209D57B500FBD419 /* InputTextView.swift in Sources */,
				9C18179E209D57B500FBD419 /* Ex_UIScreen.swift in Sources */,
				9C181798209D57B500FBD419 /* Ex_IndexPath.swift in Sources */,
				9C18179D209D57B500FBD419 /* Ex_UILabel.swift in Sources */,
				9C243D9920A042D000D6A32A /* HabitShowController.swift in Sources */,
				9C1817AB209D57B500FBD419 /* NibLoable.swift in Sources */,
				9C1817A4209D57B500FBD419 /* InputView.swift in Sources */,
				9C181742209D573F00FBD419 /* AppDelegate.swift in Sources */,
				9C0C440820A2863C0076B43F /* LogListController.swift in Sources */,
				9CDB0E6520A4425C00476E20 /* EventListController.swift in Sources */,
				9C181794209D57B500FBD419 /* Ex_Array.swift in Sources */,
			);
			runOnlyForDeploymentPostprocessing = 0;
		};
/* End PBXSourcesBuildPhase section */

/* Begin PBXVariantGroup section */
		9C181745209D573F00FBD419 /* Main.storyboard */ = {
			isa = PBXVariantGroup;
			children = (
				9C181746209D573F00FBD419 /* Base */,
			);
			name = Main.storyboard;
			sourceTree = "<group>";
		};
		9C18174D209D574300FBD419 /* LaunchScreen.storyboard */ = {
			isa = PBXVariantGroup;
			children = (
				9C18174E209D574300FBD419 /* Base */,
			);
			name = LaunchScreen.storyboard;
			sourceTree = "<group>";
		};
/* End PBXVariantGroup section */

/* Begin XCBuildConfiguration section */
		9C181751209D574300FBD419 /* Debug */ = {
			isa = XCBuildConfiguration;
			buildSettings = {
				ALWAYS_SEARCH_USER_PATHS = NO;
				CLANG_ANALYZER_NONNULL = YES;
				CLANG_ANALYZER_NUMBER_OBJECT_CONVERSION = YES_AGGRESSIVE;
				CLANG_CXX_LANGUAGE_STANDARD = "gnu++14";
				CLANG_CXX_LIBRARY = "libc++";
				CLANG_ENABLE_MODULES = YES;
				CLANG_ENABLE_OBJC_ARC = YES;
				CLANG_ENABLE_OBJC_WEAK = YES;
				CLANG_WARN_BLOCK_CAPTURE_AUTORELEASING = YES;
				CLANG_WARN_BOOL_CONVERSION = YES;
				CLANG_WARN_COMMA = YES;
				CLANG_WARN_CONSTANT_CONVERSION = YES;
				CLANG_WARN_DEPRECATED_OBJC_IMPLEMENTATIONS = YES;
				CLANG_WARN_DIRECT_OBJC_ISA_USAGE = YES_ERROR;
				CLANG_WARN_DOCUMENTATION_COMMENTS = YES;
				CLANG_WARN_EMPTY_BODY = YES;
				CLANG_WARN_ENUM_CONVERSION = YES;
				CLANG_WARN_INFINITE_RECURSION = YES;
				CLANG_WARN_INT_CONVERSION = YES;
				CLANG_WARN_NON_LITERAL_NULL_CONVERSION = YES;
				CLANG_WARN_OBJC_IMPLICIT_RETAIN_SELF = YES;
				CLANG_WARN_OBJC_LITERAL_CONVERSION = YES;
				CLANG_WARN_OBJC_ROOT_CLASS = YES_ERROR;
				CLANG_WARN_RANGE_LOOP_ANALYSIS = YES;
				CLANG_WARN_STRICT_PROTOTYPES = YES;
				CLANG_WARN_SUSPICIOUS_MOVE = YES;
				CLANG_WARN_UNGUARDED_AVAILABILITY = YES_AGGRESSIVE;
				CLANG_WARN_UNREACHABLE_CODE = YES;
				CLANG_WARN__DUPLICATE_METHOD_MATCH = YES;
				CODE_SIGN_IDENTITY = "iPhone Developer";
				COPY_PHASE_STRIP = NO;
				DEBUG_INFORMATION_FORMAT = dwarf;
				ENABLE_STRICT_OBJC_MSGSEND = YES;
				ENABLE_TESTABILITY = YES;
				GCC_C_LANGUAGE_STANDARD = gnu11;
				GCC_DYNAMIC_NO_PIC = NO;
				GCC_NO_COMMON_BLOCKS = YES;
				GCC_OPTIMIZATION_LEVEL = 0;
				GCC_PREPROCESSOR_DEFINITIONS = (
					"DEBUG=1",
					"$(inherited)",
				);
				GCC_WARN_64_TO_32_BIT_CONVERSION = YES;
				GCC_WARN_ABOUT_RETURN_TYPE = YES_ERROR;
				GCC_WARN_UNDECLARED_SELECTOR = YES;
				GCC_WARN_UNINITIALIZED_AUTOS = YES_AGGRESSIVE;
				GCC_WARN_UNUSED_FUNCTION = YES;
				GCC_WARN_UNUSED_VARIABLE = YES;
				IPHONEOS_DEPLOYMENT_TARGET = 11.3;
				MTL_ENABLE_DEBUG_INFO = YES;
				ONLY_ACTIVE_ARCH = YES;
				SDKROOT = iphoneos;
				SWIFT_ACTIVE_COMPILATION_CONDITIONS = DEBUG;
				SWIFT_OPTIMIZATION_LEVEL = "-Onone";
			};
			name = Debug;
		};
		9C181752209D574300FBD419 /* Release */ = {
			isa = XCBuildConfiguration;
			buildSettings = {
				ALWAYS_SEARCH_USER_PATHS = NO;
				CLANG_ANALYZER_NONNULL = YES;
				CLANG_ANALYZER_NUMBER_OBJECT_CONVERSION = YES_AGGRESSIVE;
				CLANG_CXX_LANGUAGE_STANDARD = "gnu++14";
				CLANG_CXX_LIBRARY = "libc++";
				CLANG_ENABLE_MODULES = YES;
				CLANG_ENABLE_OBJC_ARC = YES;
				CLANG_ENABLE_OBJC_WEAK = YES;
				CLANG_WARN_BLOCK_CAPTURE_AUTORELEASING = YES;
				CLANG_WARN_BOOL_CONVERSION = YES;
				CLANG_WARN_COMMA = YES;
				CLANG_WARN_CONSTANT_CONVERSION = YES;
				CLANG_WARN_DEPRECATED_OBJC_IMPLEMENTATIONS = YES;
				CLANG_WARN_DIRECT_OBJC_ISA_USAGE = YES_ERROR;
				CLANG_WARN_DOCUMENTATION_COMMENTS = YES;
				CLANG_WARN_EMPTY_BODY = YES;
				CLANG_WARN_ENUM_CONVERSION = YES;
				CLANG_WARN_INFINITE_RECURSION = YES;
				CLANG_WARN_INT_CONVERSION = YES;
				CLANG_WARN_NON_LITERAL_NULL_CONVERSION = YES;
				CLANG_WARN_OBJC_IMPLICIT_RETAIN_SELF = YES;
				CLANG_WARN_OBJC_LITERAL_CONVERSION = YES;
				CLANG_WARN_OBJC_ROOT_CLASS = YES_ERROR;
				CLANG_WARN_RANGE_LOOP_ANALYSIS = YES;
				CLANG_WARN_STRICT_PROTOTYPES = YES;
				CLANG_WARN_SUSPICIOUS_MOVE = YES;
				CLANG_WARN_UNGUARDED_AVAILABILITY = YES_AGGRESSIVE;
				CLANG_WARN_UNREACHABLE_CODE = YES;
				CLANG_WARN__DUPLICATE_METHOD_MATCH = YES;
				CODE_SIGN_IDENTITY = "iPhone Developer";
				COPY_PHASE_STRIP = NO;
				DEBUG_INFORMATION_FORMAT = "dwarf-with-dsym";
				ENABLE_NS_ASSERTIONS = NO;
				ENABLE_STRICT_OBJC_MSGSEND = YES;
				GCC_C_LANGUAGE_STANDARD = gnu11;
				GCC_NO_COMMON_BLOCKS = YES;
				GCC_WARN_64_TO_32_BIT_CONVERSION = YES;
				GCC_WARN_ABOUT_RETURN_TYPE = YES_ERROR;
				GCC_WARN_UNDECLARED_SELECTOR = YES;
				GCC_WARN_UNINITIALIZED_AUTOS = YES_AGGRESSIVE;
				GCC_WARN_UNUSED_FUNCTION = YES;
				GCC_WARN_UNUSED_VARIABLE = YES;
				IPHONEOS_DEPLOYMENT_TARGET = 11.3;
				MTL_ENABLE_DEBUG_INFO = NO;
				SDKROOT = iphoneos;
				SWIFT_COMPILATION_MODE = wholemodule;
				SWIFT_OPTIMIZATION_LEVEL = "-O";
				VALIDATE_PRODUCT = YES;
			};
			name = Release;
		};
		9C181754209D574300FBD419 /* Debug */ = {
			isa = XCBuildConfiguration;
			buildSettings = {
				ASSETCATALOG_COMPILER_APPICON_NAME = AppIcon;
				CODE_SIGN_STYLE = Automatic;
				DEVELOPMENT_TEAM = 8BBKEKP879;
				INFOPLIST_FILE = "$(SRCROOT)/Daily/Resources/Info.plist";
				IPHONEOS_DEPLOYMENT_TARGET = 10.0;
				LD_RUNPATH_SEARCH_PATHS = (
					"$(inherited)",
					"@executable_path/Frameworks",
				);
				PRODUCT_BUNDLE_IDENTIFIER = myron.Daily;
				PRODUCT_NAME = "$(TARGET_NAME)";
				SWIFT_VERSION = 4.0;
				TARGETED_DEVICE_FAMILY = "1,2";
			};
			name = Debug;
		};
		9C181755209D574300FBD419 /* Release */ = {
			isa = XCBuildConfiguration;
			buildSettings = {
				ASSETCATALOG_COMPILER_APPICON_NAME = AppIcon;
				CODE_SIGN_STYLE = Automatic;
				DEVELOPMENT_TEAM = 8BBKEKP879;
				INFOPLIST_FILE = "$(SRCROOT)/Daily/Resources/Info.plist";
				IPHONEOS_DEPLOYMENT_TARGET = 10.0;
				LD_RUNPATH_SEARCH_PATHS = (
					"$(inherited)",
					"@executable_path/Frameworks",
				);
				PRODUCT_BUNDLE_IDENTIFIER = myron.Daily;
				PRODUCT_NAME = "$(TARGET_NAME)";
				SWIFT_VERSION = 4.0;
				TARGETED_DEVICE_FAMILY = "1,2";
			};
			name = Release;
		};
/* End XCBuildConfiguration section */

/* Begin XCConfigurationList section */
		9C181739209D573E00FBD419 /* Build configuration list for PBXProject "Daily" */ = {
			isa = XCConfigurationList;
			buildConfigurations = (
				9C181751209D574300FBD419 /* Debug */,
				9C181752209D574300FBD419 /* Release */,
			);
			defaultConfigurationIsVisible = 0;
			defaultConfigurationName = Release;
		};
		9C181753209D574300FBD419 /* Build configuration list for PBXNativeTarget "Daily" */ = {
			isa = XCConfigurationList;
			buildConfigurations = (
				9C181754209D574300FBD419 /* Debug */,
				9C181755209D574300FBD419 /* Release */,
			);
			defaultConfigurationIsVisible = 0;
			defaultConfigurationName = Release;
		};
/* End XCConfigurationList section */

/* Begin XCVersionGroup section */
		9C181748209D573F00FBD419 /* Daily.xcdatamodeld */ = {
			isa = XCVersionGroup;
			children = (
				9C181749209D573F00FBD419 /* Daily.xcdatamodel */,
			);
			currentVersion = 9C181749209D573F00FBD419 /* Daily.xcdatamodel */;
			path = Daily.xcdatamodeld;
			sourceTree = "<group>";
			versionGroupType = wrapper.xcdatamodel;
		};
/* End XCVersionGroup section */
	};
	rootObject = 9C181736209D573E00FBD419 /* Project object */;
}
